// !$*UTF8*$!
{
	archiveVersion = 1;
	classes = {
	};
	objectVersion = 46;
	objects = {

/* Begin PBXBuildFile section */
		B103442F1692746C00589A41 /* iTunesArtwork.png in Resources */ = {isa = PBXBuildFile; fileRef = B103442E1692746C00589A41 /* iTunesArtwork.png */; };
		B103444F169282A700589A41 /* Default-568h@2x.png in Resources */ = {isa = PBXBuildFile; fileRef = B103444E169282A700589A41 /* Default-568h@2x.png */; };
		B10D3E6215D8086D006407DB /* dino144-144.png in Resources */ = {isa = PBXBuildFile; fileRef = B10D3E6115D8086D006407DB /* dino144-144.png */; };
		B1310885168B9A74002E2355 /* Default-Portrait@2x~ipad.png in Resources */ = {isa = PBXBuildFile; fileRef = B131087F168B93B5002E2355 /* Default-Portrait@2x~ipad.png */; };
		B1310886168B9A7B002E2355 /* Default-Portrait~ipad.png in Resources */ = {isa = PBXBuildFile; fileRef = B18248B815E0AD970093E71F /* Default-Portrait~ipad.png */; };
		B1310887168B9A82002E2355 /* Default-Landscape@2x~ipad.png in Resources */ = {isa = PBXBuildFile; fileRef = B1310882168B93C8002E2355 /* Default-Landscape@2x~ipad.png */; };
		B1310888168B9A89002E2355 /* Default-Landscape~ipad.png in Resources */ = {isa = PBXBuildFile; fileRef = B18248B615E0AD6E0093E71F /* Default-Landscape~ipad.png */; };
		B150AEB4159A6771007A1129 /* AudioToolbox.framework in Frameworks */ = {isa = PBXBuildFile; fileRef = B150AEB3159A6771007A1129 /* AudioToolbox.framework */; };
		B1741FE315A23F5400DE3350 /* DictionaryXMLReadMe.rtf in Resources */ = {isa = PBXBuildFile; fileRef = B1741FE215A23F5400DE3350 /* DictionaryXMLReadMe.rtf */; };
		B177D83015B51B61002A8814 /* Dictionary.m in Sources */ = {isa = PBXBuildFile; fileRef = B177D82F15B51B61002A8814 /* Dictionary.m */; };
		B177D83415B51B62002A8814 /* ComponentSound.m in Sources */ = {isa = PBXBuildFile; fileRef = B177D83315B51B62002A8814 /* ComponentSound.m */; };
		B177D83715B51B62002A8814 /* ComponentSoundSpelling.m in Sources */ = {isa = PBXBuildFile; fileRef = B177D83615B51B62002A8814 /* ComponentSoundSpelling.m */; };
		B177D83A15B51B62002A8814 /* Pronunciation.m in Sources */ = {isa = PBXBuildFile; fileRef = B177D83915B51B62002A8814 /* Pronunciation.m */; };
		B177D83D15B51B62002A8814 /* Word.m in Sources */ = {isa = PBXBuildFile; fileRef = B177D83C15B51B62002A8814 /* Word.m */; };
		B177D84015B51B98002A8814 /* Dictionary+Create.m in Sources */ = {isa = PBXBuildFile; fileRef = B177D83F15B51B98002A8814 /* Dictionary+Create.m */; };
		B177D84615B531A4002A8814 /* FirstThousandWords.bundle in Resources */ = {isa = PBXBuildFile; fileRef = B177D84515B531A3002A8814 /* FirstThousandWords.bundle */; };
		B1780569159CF52C0013AD65 /* GDataXMLNode.m in Sources */ = {isa = PBXBuildFile; fileRef = B1786143159BD6E3004A79E5 /* GDataXMLNode.m */; settings = {COMPILER_FLAGS = "-fno-objc-arc"; }; };
		B178056E159D0C1E0013AD65 /* GDataXMLNodeHelper.m in Sources */ = {isa = PBXBuildFile; fileRef = B178056D159D0C1E0013AD65 /* GDataXMLNodeHelper.m */; };
		B178606215962B3D0047D631 /* UIKit.framework in Frameworks */ = {isa = PBXBuildFile; fileRef = B178606115962B3D0047D631 /* UIKit.framework */; };
		B178606415962B3D0047D631 /* Foundation.framework in Frameworks */ = {isa = PBXBuildFile; fileRef = B178606315962B3D0047D631 /* Foundation.framework */; };
		B178606615962B3D0047D631 /* CoreGraphics.framework in Frameworks */ = {isa = PBXBuildFile; fileRef = B178606515962B3D0047D631 /* CoreGraphics.framework */; };
		B178606C15962B3D0047D631 /* InfoPlist.strings in Resources */ = {isa = PBXBuildFile; fileRef = B178606A15962B3D0047D631 /* InfoPlist.strings */; };
		B178606E15962B3D0047D631 /* main.m in Sources */ = {isa = PBXBuildFile; fileRef = B178606D15962B3D0047D631 /* main.m */; };
		B178607215962B3D0047D631 /* AppDelegate.m in Sources */ = {isa = PBXBuildFile; fileRef = B178607115962B3D0047D631 /* AppDelegate.m */; };
		B178607515962B3D0047D631 /* MainStoryboard_iPhone.storyboard in Resources */ = {isa = PBXBuildFile; fileRef = B178607315962B3D0047D631 /* MainStoryboard_iPhone.storyboard */; };
		B178607815962B3D0047D631 /* MainStoryboard_iPad.storyboard in Resources */ = {isa = PBXBuildFile; fileRef = B178607615962B3D0047D631 /* MainStoryboard_iPad.storyboard */; };
		B1786094159638990047D631 /* Dictionary.xcdatamodeld in Sources */ = {isa = PBXBuildFile; fileRef = B1786092159638990047D631 /* Dictionary.xcdatamodeld */; };
		B17860A315963B690047D631 /* Word+Create.m in Sources */ = {isa = PBXBuildFile; fileRef = B17860A215963B690047D631 /* Word+Create.m */; };
		B17860A615963BB50047D631 /* Pronunciation+Create.m in Sources */ = {isa = PBXBuildFile; fileRef = B17860A515963BB50047D631 /* Pronunciation+Create.m */; };
		B17AAB7B1596B87F009A5C1D /* DictionaryTableViewController.m in Sources */ = {isa = PBXBuildFile; fileRef = B17AAB7A1596B87F009A5C1D /* DictionaryTableViewController.m */; };
		B17CE6BA15980041005A12D3 /* resources.bundle in Resources */ = {isa = PBXBuildFile; fileRef = B17CE6B915980041005A12D3 /* resources.bundle */; };
		B17CE6C015980481005A12D3 /* DictionaryHelper.m in Sources */ = {isa = PBXBuildFile; fileRef = B17CE6BF15980481005A12D3 /* DictionaryHelper.m */; };
		B17CE6C1159812F4005A12D3 /* CoreDataTableViewController.m in Sources */ = {isa = PBXBuildFile; fileRef = B17CE6BD15980349005A12D3 /* CoreDataTableViewController.m */; };
		B17D466A15B8DA8D0059214F /* DictionarySetupViewController.m in Sources */ = {isa = PBXBuildFile; fileRef = B17D466915B8DA8D0059214F /* DictionarySetupViewController.m */; };
		B17E2A0F15B5ECCD0021816E /* icon-72e.png in Resources */ = {isa = PBXBuildFile; fileRef = B17E2A0E15B5ECCD0021816E /* icon-72e.png */; };
		B182489C15E04C7B0093E71F /* SettingsTableViewController.m in Sources */ = {isa = PBXBuildFile; fileRef = B182489B15E04C7B0093E71F /* SettingsTableViewController.m */; };
		B18248B115E059F30093E71F /* AboutViewController.m in Sources */ = {isa = PBXBuildFile; fileRef = B18248B015E059F30093E71F /* AboutViewController.m */; };
		B18248BB15E0B7EC0093E71F /* MessageUI.framework in Frameworks */ = {isa = PBXBuildFile; fileRef = B18248BA15E0B7EC0093E71F /* MessageUI.framework */; };
		B18F862416A200A100F33B34 /* SetupTableSwitchViewController.m in Sources */ = {isa = PBXBuildFile; fileRef = B18F862316A200A000F33B34 /* SetupTableSwitchViewController.m */; };
		B1B6DA121596BE7A001781C9 /* DisplayWordViewController.m in Sources */ = {isa = PBXBuildFile; fileRef = B1B6DA111596BE7A001781C9 /* DisplayWordViewController.m */; };
		B1B6DA181596C6A8001781C9 /* CoreData.framework in Frameworks */ = {isa = PBXBuildFile; fileRef = B1B6DA171596C6A8001781C9 /* CoreData.framework */; };
		B1C114A7159FC81100D60CB4 /* AVFoundation.framework in Frameworks */ = {isa = PBXBuildFile; fileRef = B1C114A6159FC81100D60CB4 /* AVFoundation.framework */; };
		B1D367C1159E4D1500BBAA89 /* GDataXMLNode.Copying.txt in Resources */ = {isa = PBXBuildFile; fileRef = B1D367C0159E4D1500BBAA89 /* GDataXMLNode.Copying.txt */; };
/* End PBXBuildFile section */

/* Begin PBXFileReference section */
		B103442E1692746C00589A41 /* iTunesArtwork.png */ = {isa = PBXFileReference; lastKnownFileType = image.png; path = iTunesArtwork.png; sourceTree = "<group>"; };
		B103444E169282A700589A41 /* Default-568h@2x.png */ = {isa = PBXFileReference; lastKnownFileType = image.png; path = "Default-568h@2x.png"; sourceTree = "<group>"; };
		B10D3E6115D8086D006407DB /* dino144-144.png */ = {isa = PBXFileReference; lastKnownFileType = image.png; path = "dino144-144.png"; sourceTree = "<group>"; };
		B131087F168B93B5002E2355 /* Default-Portrait@2x~ipad.png */ = {isa = PBXFileReference; lastKnownFileType = image.png; path = "Default-Portrait@2x~ipad.png"; sourceTree = "<group>"; };
		B1310882168B93C8002E2355 /* Default-Landscape@2x~ipad.png */ = {isa = PBXFileReference; lastKnownFileType = image.png; path = "Default-Landscape@2x~ipad.png"; sourceTree = "<group>"; };
		B150AEB3159A6771007A1129 /* AudioToolbox.framework */ = {isa = PBXFileReference; lastKnownFileType = wrapper.framework; name = AudioToolbox.framework; path = System/Library/Frameworks/AudioToolbox.framework; sourceTree = SDKROOT; };
		B1741FE215A23F5400DE3350 /* DictionaryXMLReadMe.rtf */ = {isa = PBXFileReference; fileEncoding = 4; lastKnownFileType = text.rtf; path = DictionaryXMLReadMe.rtf; sourceTree = "<group>"; };
		B177D82E15B51B61002A8814 /* Dictionary.h */ = {isa = PBXFileReference; fileEncoding = 4; lastKnownFileType = sourcecode.c.h; path = Dictionary.h; sourceTree = "<group>"; };
		B177D82F15B51B61002A8814 /* Dictionary.m */ = {isa = PBXFileReference; fileEncoding = 4; lastKnownFileType = sourcecode.c.objc; path = Dictionary.m; sourceTree = "<group>"; };
		B177D83215B51B62002A8814 /* ComponentSound.h */ = {isa = PBXFileReference; fileEncoding = 4; lastKnownFileType = sourcecode.c.h; path = ComponentSound.h; sourceTree = "<group>"; };
		B177D83315B51B62002A8814 /* ComponentSound.m */ = {isa = PBXFileReference; fileEncoding = 4; lastKnownFileType = sourcecode.c.objc; path = ComponentSound.m; sourceTree = "<group>"; };
		B177D83515B51B62002A8814 /* ComponentSoundSpelling.h */ = {isa = PBXFileReference; fileEncoding = 4; lastKnownFileType = sourcecode.c.h; path = ComponentSoundSpelling.h; sourceTree = "<group>"; };
		B177D83615B51B62002A8814 /* ComponentSoundSpelling.m */ = {isa = PBXFileReference; fileEncoding = 4; lastKnownFileType = sourcecode.c.objc; path = ComponentSoundSpelling.m; sourceTree = "<group>"; };
		B177D83815B51B62002A8814 /* Pronunciation.h */ = {isa = PBXFileReference; fileEncoding = 4; lastKnownFileType = sourcecode.c.h; path = Pronunciation.h; sourceTree = "<group>"; };
		B177D83915B51B62002A8814 /* Pronunciation.m */ = {isa = PBXFileReference; fileEncoding = 4; lastKnownFileType = sourcecode.c.objc; path = Pronunciation.m; sourceTree = "<group>"; };
		B177D83B15B51B62002A8814 /* Word.h */ = {isa = PBXFileReference; fileEncoding = 4; lastKnownFileType = sourcecode.c.h; path = Word.h; sourceTree = "<group>"; };
		B177D83C15B51B62002A8814 /* Word.m */ = {isa = PBXFileReference; fileEncoding = 4; lastKnownFileType = sourcecode.c.objc; path = Word.m; sourceTree = "<group>"; };
		B177D83E15B51B98002A8814 /* Dictionary+Create.h */ = {isa = PBXFileReference; fileEncoding = 4; lastKnownFileType = sourcecode.c.h; path = "Dictionary+Create.h"; sourceTree = "<group>"; };
		B177D83F15B51B98002A8814 /* Dictionary+Create.m */ = {isa = PBXFileReference; fileEncoding = 4; lastKnownFileType = sourcecode.c.objc; path = "Dictionary+Create.m"; sourceTree = "<group>"; };
		B177D84515B531A3002A8814 /* FirstThousandWords.bundle */ = {isa = PBXFileReference; lastKnownFileType = "wrapper.plug-in"; path = FirstThousandWords.bundle; sourceTree = "<group>"; };
		B178056C159D0C1E0013AD65 /* GDataXMLNodeHelper.h */ = {isa = PBXFileReference; fileEncoding = 4; lastKnownFileType = sourcecode.c.h; path = GDataXMLNodeHelper.h; sourceTree = "<group>"; };
		B178056D159D0C1E0013AD65 /* GDataXMLNodeHelper.m */ = {isa = PBXFileReference; fileEncoding = 4; lastKnownFileType = sourcecode.c.objc; path = GDataXMLNodeHelper.m; sourceTree = "<group>"; };
		B178605D15962B3D0047D631 /* DD's Dictionary.app */ = {isa = PBXFileReference; explicitFileType = wrapper.application; includeInIndex = 0; path = "DD's Dictionary.app"; sourceTree = BUILT_PRODUCTS_DIR; };
		B178606115962B3D0047D631 /* UIKit.framework */ = {isa = PBXFileReference; lastKnownFileType = wrapper.framework; name = UIKit.framework; path = System/Library/Frameworks/UIKit.framework; sourceTree = SDKROOT; };
		B178606315962B3D0047D631 /* Foundation.framework */ = {isa = PBXFileReference; lastKnownFileType = wrapper.framework; name = Foundation.framework; path = System/Library/Frameworks/Foundation.framework; sourceTree = SDKROOT; };
		B178606515962B3D0047D631 /* CoreGraphics.framework */ = {isa = PBXFileReference; lastKnownFileType = wrapper.framework; name = CoreGraphics.framework; path = System/Library/Frameworks/CoreGraphics.framework; sourceTree = SDKROOT; };
		B178606915962B3D0047D631 /* DDPrototype-Info.plist */ = {isa = PBXFileReference; lastKnownFileType = text.plist.xml; path = "DDPrototype-Info.plist"; sourceTree = "<group>"; };
		B178606B15962B3D0047D631 /* en */ = {isa = PBXFileReference; lastKnownFileType = text.plist.strings; name = en; path = en.lproj/InfoPlist.strings; sourceTree = "<group>"; };
		B178606D15962B3D0047D631 /* main.m */ = {isa = PBXFileReference; lastKnownFileType = sourcecode.c.objc; path = main.m; sourceTree = "<group>"; };
		B178606F15962B3D0047D631 /* DDPrototype-Prefix.pch */ = {isa = PBXFileReference; lastKnownFileType = sourcecode.c.h; path = "DDPrototype-Prefix.pch"; sourceTree = "<group>"; };
		B178607015962B3D0047D631 /* AppDelegate.h */ = {isa = PBXFileReference; lastKnownFileType = sourcecode.c.h; path = AppDelegate.h; sourceTree = "<group>"; };
		B178607115962B3D0047D631 /* AppDelegate.m */ = {isa = PBXFileReference; lastKnownFileType = sourcecode.c.objc; path = AppDelegate.m; sourceTree = "<group>"; };
		B178607415962B3D0047D631 /* en */ = {isa = PBXFileReference; lastKnownFileType = file.storyboard; name = en; path = en.lproj/MainStoryboard_iPhone.storyboard; sourceTree = "<group>"; };
		B178607715962B3D0047D631 /* en */ = {isa = PBXFileReference; lastKnownFileType = file.storyboard; name = en; path = en.lproj/MainStoryboard_iPad.storyboard; sourceTree = "<group>"; };
		B1786093159638990047D631 /* Dictionary.xcdatamodel */ = {isa = PBXFileReference; lastKnownFileType = wrapper.xcdatamodel; path = Dictionary.xcdatamodel; sourceTree = "<group>"; };
		B17860A115963B690047D631 /* Word+Create.h */ = {isa = PBXFileReference; fileEncoding = 4; lastKnownFileType = sourcecode.c.h; path = "Word+Create.h"; sourceTree = "<group>"; };
		B17860A215963B690047D631 /* Word+Create.m */ = {isa = PBXFileReference; fileEncoding = 4; lastKnownFileType = sourcecode.c.objc; path = "Word+Create.m"; sourceTree = "<group>"; };
		B17860A415963BB50047D631 /* Pronunciation+Create.h */ = {isa = PBXFileReference; fileEncoding = 4; lastKnownFileType = sourcecode.c.h; path = "Pronunciation+Create.h"; sourceTree = "<group>"; };
		B17860A515963BB50047D631 /* Pronunciation+Create.m */ = {isa = PBXFileReference; fileEncoding = 4; lastKnownFileType = sourcecode.c.objc; path = "Pronunciation+Create.m"; sourceTree = "<group>"; };
		B1786142159BD6E3004A79E5 /* GDataXMLNode.h */ = {isa = PBXFileReference; lastKnownFileType = sourcecode.c.h; path = GDataXMLNode.h; sourceTree = "<group>"; };
		B1786143159BD6E3004A79E5 /* GDataXMLNode.m */ = {isa = PBXFileReference; lastKnownFileType = sourcecode.c.objc; path = GDataXMLNode.m; sourceTree = "<group>"; };
		B17AAB791596B87F009A5C1D /* DictionaryTableViewController.h */ = {isa = PBXFileReference; fileEncoding = 4; lastKnownFileType = sourcecode.c.h; path = DictionaryTableViewController.h; sourceTree = "<group>"; };
		B17AAB7A1596B87F009A5C1D /* DictionaryTableViewController.m */ = {isa = PBXFileReference; fileEncoding = 4; lastKnownFileType = sourcecode.c.objc; path = DictionaryTableViewController.m; sourceTree = "<group>"; };
		B17CE6B915980041005A12D3 /* resources.bundle */ = {isa = PBXFileReference; lastKnownFileType = "wrapper.plug-in"; path = resources.bundle; sourceTree = "<group>"; };
		B17CE6BC15980349005A12D3 /* CoreDataTableViewController.h */ = {isa = PBXFileReference; lastKnownFileType = sourcecode.c.h; path = CoreDataTableViewController.h; sourceTree = "<group>"; };
		B17CE6BD15980349005A12D3 /* CoreDataTableViewController.m */ = {isa = PBXFileReference; lastKnownFileType = sourcecode.c.objc; path = CoreDataTableViewController.m; sourceTree = "<group>"; };
		B17CE6BE15980481005A12D3 /* DictionaryHelper.h */ = {isa = PBXFileReference; fileEncoding = 4; lastKnownFileType = sourcecode.c.h; path = DictionaryHelper.h; sourceTree = "<group>"; };
		B17CE6BF15980481005A12D3 /* DictionaryHelper.m */ = {isa = PBXFileReference; fileEncoding = 4; lastKnownFileType = sourcecode.c.objc; path = DictionaryHelper.m; sourceTree = "<group>"; };
		B17D466815B8DA8D0059214F /* DictionarySetupViewController.h */ = {isa = PBXFileReference; fileEncoding = 4; lastKnownFileType = sourcecode.c.h; path = DictionarySetupViewController.h; sourceTree = "<group>"; };
		B17D466915B8DA8D0059214F /* DictionarySetupViewController.m */ = {isa = PBXFileReference; fileEncoding = 4; lastKnownFileType = sourcecode.c.objc; path = DictionarySetupViewController.m; sourceTree = "<group>"; };
		B17E2A0E15B5ECCD0021816E /* icon-72e.png */ = {isa = PBXFileReference; lastKnownFileType = image.png; path = "icon-72e.png"; sourceTree = "<group>"; };
		B182489A15E04C7A0093E71F /* SettingsTableViewController.h */ = {isa = PBXFileReference; fileEncoding = 4; lastKnownFileType = sourcecode.c.h; path = SettingsTableViewController.h; sourceTree = "<group>"; };
		B182489B15E04C7B0093E71F /* SettingsTableViewController.m */ = {isa = PBXFileReference; fileEncoding = 4; lastKnownFileType = sourcecode.c.objc; path = SettingsTableViewController.m; sourceTree = "<group>"; };
		B18248AA15E052CF0093E71F /* NSUserDefaultKeys.h */ = {isa = PBXFileReference; lastKnownFileType = sourcecode.c.h; path = NSUserDefaultKeys.h; sourceTree = "<group>"; };
		B18248AF15E059F30093E71F /* AboutViewController.h */ = {isa = PBXFileReference; fileEncoding = 4; lastKnownFileType = sourcecode.c.h; path = AboutViewController.h; sourceTree = "<group>"; };
		B18248B015E059F30093E71F /* AboutViewController.m */ = {isa = PBXFileReference; fileEncoding = 4; lastKnownFileType = sourcecode.c.objc; path = AboutViewController.m; sourceTree = "<group>"; };
		B18248B615E0AD6E0093E71F /* Default-Landscape~ipad.png */ = {isa = PBXFileReference; lastKnownFileType = image.png; path = "Default-Landscape~ipad.png"; sourceTree = "<group>"; };
		B18248B815E0AD970093E71F /* Default-Portrait~ipad.png */ = {isa = PBXFileReference; lastKnownFileType = image.png; path = "Default-Portrait~ipad.png"; sourceTree = "<group>"; };
		B18248BA15E0B7EC0093E71F /* MessageUI.framework */ = {isa = PBXFileReference; lastKnownFileType = wrapper.framework; name = MessageUI.framework; path = System/Library/Frameworks/MessageUI.framework; sourceTree = SDKROOT; };
		B18F862216A200A000F33B34 /* SetupTableSwitchViewController.h */ = {isa = PBXFileReference; fileEncoding = 4; lastKnownFileType = sourcecode.c.h; path = SetupTableSwitchViewController.h; sourceTree = "<group>"; };
		B18F862316A200A000F33B34 /* SetupTableSwitchViewController.m */ = {isa = PBXFileReference; fileEncoding = 4; lastKnownFileType = sourcecode.c.objc; path = SetupTableSwitchViewController.m; sourceTree = "<group>"; };
		B1B6DA101596BE7A001781C9 /* DisplayWordViewController.h */ = {isa = PBXFileReference; fileEncoding = 4; lastKnownFileType = sourcecode.c.h; path = DisplayWordViewController.h; sourceTree = "<group>"; };
		B1B6DA111596BE7A001781C9 /* DisplayWordViewController.m */ = {isa = PBXFileReference; fileEncoding = 4; lastKnownFileType = sourcecode.c.objc; path = DisplayWordViewController.m; sourceTree = "<group>"; };
		B1B6DA171596C6A8001781C9 /* CoreData.framework */ = {isa = PBXFileReference; lastKnownFileType = wrapper.framework; name = CoreData.framework; path = System/Library/Frameworks/CoreData.framework; sourceTree = SDKROOT; };
		B1C114A6159FC81100D60CB4 /* AVFoundation.framework */ = {isa = PBXFileReference; lastKnownFileType = wrapper.framework; name = AVFoundation.framework; path = System/Library/Frameworks/AVFoundation.framework; sourceTree = SDKROOT; };
		B1D367C0159E4D1500BBAA89 /* GDataXMLNode.Copying.txt */ = {isa = PBXFileReference; fileEncoding = 4; lastKnownFileType = text; path = GDataXMLNode.Copying.txt; sourceTree = "<group>"; };
		B1DDD40A159FD3DE004CD0FB /* CoreFoundation.framework */ = {isa = PBXFileReference; lastKnownFileType = wrapper.framework; name = CoreFoundation.framework; path = System/Library/Frameworks/CoreFoundation.framework; sourceTree = SDKROOT; };
		B1DDD40D159FD4D1004CD0FB /* Security.framework */ = {isa = PBXFileReference; lastKnownFileType = wrapper.framework; name = Security.framework; path = System/Library/Frameworks/Security.framework; sourceTree = SDKROOT; };
/* End PBXFileReference section */

/* Begin PBXFrameworksBuildPhase section */
		B178605A15962B3D0047D631 /* Frameworks */ = {
			isa = PBXFrameworksBuildPhase;
			buildActionMask = 2147483647;
			files = (
				B18248BB15E0B7EC0093E71F /* MessageUI.framework in Frameworks */,
				B1C114A7159FC81100D60CB4 /* AVFoundation.framework in Frameworks */,
				B150AEB4159A6771007A1129 /* AudioToolbox.framework in Frameworks */,
				B1B6DA181596C6A8001781C9 /* CoreData.framework in Frameworks */,
				B178606215962B3D0047D631 /* UIKit.framework in Frameworks */,
				B178606415962B3D0047D631 /* Foundation.framework in Frameworks */,
				B178606615962B3D0047D631 /* CoreGraphics.framework in Frameworks */,
			);
			runOnlyForDeploymentPostprocessing = 0;
		};
/* End PBXFrameworksBuildPhase section */

/* Begin PBXGroup section */
		B178605215962B3D0047D631 = {
			isa = PBXGroup;
			children = (
				B103444E169282A700589A41 /* Default-568h@2x.png */,
				B1310882168B93C8002E2355 /* Default-Landscape@2x~ipad.png */,
				B131087F168B93B5002E2355 /* Default-Portrait@2x~ipad.png */,
				B18248BA15E0B7EC0093E71F /* MessageUI.framework */,
				B18248B815E0AD970093E71F /* Default-Portrait~ipad.png */,
				B18248B615E0AD6E0093E71F /* Default-Landscape~ipad.png */,
				B103442E1692746C00589A41 /* iTunesArtwork.png */,
				B10D3E6115D8086D006407DB /* dino144-144.png */,
				B17E2A0E15B5ECCD0021816E /* icon-72e.png */,
				B1DDD40D159FD4D1004CD0FB /* Security.framework */,
				B1DDD40A159FD3DE004CD0FB /* CoreFoundation.framework */,
				B1C114A6159FC81100D60CB4 /* AVFoundation.framework */,
				B150AEB3159A6771007A1129 /* AudioToolbox.framework */,
				B1B6DA171596C6A8001781C9 /* CoreData.framework */,
				B178606715962B3D0047D631 /* DDPrototype */,
				B178606015962B3D0047D631 /* Frameworks */,
				B178605E15962B3D0047D631 /* Products */,
			);
			sourceTree = "<group>";
		};
		B178605E15962B3D0047D631 /* Products */ = {
			isa = PBXGroup;
			children = (
				B178605D15962B3D0047D631 /* DD's Dictionary.app */,
			);
			name = Products;
			sourceTree = "<group>";
		};
		B178606015962B3D0047D631 /* Frameworks */ = {
			isa = PBXGroup;
			children = (
				B178606115962B3D0047D631 /* UIKit.framework */,
				B178606315962B3D0047D631 /* Foundation.framework */,
				B178606515962B3D0047D631 /* CoreGraphics.framework */,
			);
			name = Frameworks;
			sourceTree = "<group>";
		};
		B178606715962B3D0047D631 /* DDPrototype */ = {
			isa = PBXGroup;
			children = (
				B178607315962B3D0047D631 /* MainStoryboard_iPhone.storyboard */,
				B178607615962B3D0047D631 /* MainStoryboard_iPad.storyboard */,
				B17CE6B915980041005A12D3 /* resources.bundle */,
				B178608B159638050047D631 /* Database */,
				B18248AA15E052CF0093E71F /* NSUserDefaultKeys.h */,
				B18F862216A200A000F33B34 /* SetupTableSwitchViewController.h */,
				B18F862316A200A000F33B34 /* SetupTableSwitchViewController.m */,
				B17D466815B8DA8D0059214F /* DictionarySetupViewController.h */,
				B17D466915B8DA8D0059214F /* DictionarySetupViewController.m */,
				B1B6DA101596BE7A001781C9 /* DisplayWordViewController.h */,
				B1B6DA111596BE7A001781C9 /* DisplayWordViewController.m */,
				B17CE6BC15980349005A12D3 /* CoreDataTableViewController.h */,
				B17CE6BD15980349005A12D3 /* CoreDataTableViewController.m */,
				B17AAB791596B87F009A5C1D /* DictionaryTableViewController.h */,
				B17AAB7A1596B87F009A5C1D /* DictionaryTableViewController.m */,
				B182489A15E04C7A0093E71F /* SettingsTableViewController.h */,
				B182489B15E04C7B0093E71F /* SettingsTableViewController.m */,
				B18248AF15E059F30093E71F /* AboutViewController.h */,
				B18248B015E059F30093E71F /* AboutViewController.m */,
				B17CE6BE15980481005A12D3 /* DictionaryHelper.h */,
				B17CE6BF15980481005A12D3 /* DictionaryHelper.m */,
				B178056C159D0C1E0013AD65 /* GDataXMLNodeHelper.h */,
				B178056D159D0C1E0013AD65 /* GDataXMLNodeHelper.m */,
				B1D367C0159E4D1500BBAA89 /* GDataXMLNode.Copying.txt */,
				B1786142159BD6E3004A79E5 /* GDataXMLNode.h */,
				B1786143159BD6E3004A79E5 /* GDataXMLNode.m */,
				B1741FE215A23F5400DE3350 /* DictionaryXMLReadMe.rtf */,
				B177D84515B531A3002A8814 /* FirstThousandWords.bundle */,
				B178606815962B3D0047D631 /* Supporting Files */,
			);
			path = DDPrototype;
			sourceTree = "<group>";
		};
		B178606815962B3D0047D631 /* Supporting Files */ = {
			isa = PBXGroup;
			children = (
				B178607015962B3D0047D631 /* AppDelegate.h */,
				B178607115962B3D0047D631 /* AppDelegate.m */,
				B178606915962B3D0047D631 /* DDPrototype-Info.plist */,
				B178606A15962B3D0047D631 /* InfoPlist.strings */,
				B178606D15962B3D0047D631 /* main.m */,
				B178606F15962B3D0047D631 /* DDPrototype-Prefix.pch */,
			);
			name = "Supporting Files";
			sourceTree = "<group>";
		};
		B178608B159638050047D631 /* Database */ = {
			isa = PBXGroup;
			children = (
				B1786092159638990047D631 /* Dictionary.xcdatamodeld */,
				B177D83B15B51B62002A8814 /* Word.h */,
				B177D83C15B51B62002A8814 /* Word.m */,
				B177D83815B51B62002A8814 /* Pronunciation.h */,
				B177D83915B51B62002A8814 /* Pronunciation.m */,
				B177D83515B51B62002A8814 /* ComponentSoundSpelling.h */,
				B177D83615B51B62002A8814 /* ComponentSoundSpelling.m */,
				B177D83215B51B62002A8814 /* ComponentSound.h */,
				B177D83315B51B62002A8814 /* ComponentSound.m */,
				B177D82E15B51B61002A8814 /* Dictionary.h */,
				B177D82F15B51B61002A8814 /* Dictionary.m */,
				B177D83E15B51B98002A8814 /* Dictionary+Create.h */,
				B177D83F15B51B98002A8814 /* Dictionary+Create.m */,
				B17860A115963B690047D631 /* Word+Create.h */,
				B17860A215963B690047D631 /* Word+Create.m */,
				B17860A415963BB50047D631 /* Pronunciation+Create.h */,
				B17860A515963BB50047D631 /* Pronunciation+Create.m */,
			);
			name = Database;
			sourceTree = "<group>";
		};
/* End PBXGroup section */

/* Begin PBXNativeTarget section */
		B178605C15962B3D0047D631 /* DD's Dictionary */ = {
			isa = PBXNativeTarget;
			buildConfigurationList = B178607E15962B3D0047D631 /* Build configuration list for PBXNativeTarget "DD's Dictionary" */;
			buildPhases = (
				B178605915962B3D0047D631 /* Sources */,
				B178605A15962B3D0047D631 /* Frameworks */,
				B178605B15962B3D0047D631 /* Resources */,
			);
			buildRules = (
			);
			dependencies = (
			);
			name = "DD's Dictionary";
			productName = DDPrototype;
			productReference = B178605D15962B3D0047D631 /* DD's Dictionary.app */;
			productType = "com.apple.product-type.application";
		};
/* End PBXNativeTarget section */

/* Begin PBXProject section */
		B178605415962B3D0047D631 /* Project object */ = {
			isa = PBXProject;
			attributes = {
				LastUpgradeCheck = 0430;
			};
			buildConfigurationList = B178605715962B3D0047D631 /* Build configuration list for PBXProject "DDPrototype" */;
			compatibilityVersion = "Xcode 3.2";
			developmentRegion = English;
			hasScannedForEncodings = 0;
			knownRegions = (
				en,
			);
			mainGroup = B178605215962B3D0047D631;
			productRefGroup = B178605E15962B3D0047D631 /* Products */;
			projectDirPath = "";
			projectRoot = "";
			targets = (
				B178605C15962B3D0047D631 /* DD's Dictionary */,
			);
		};
/* End PBXProject section */

/* Begin PBXResourcesBuildPhase section */
		B178605B15962B3D0047D631 /* Resources */ = {
			isa = PBXResourcesBuildPhase;
			buildActionMask = 2147483647;
			files = (
				B178606C15962B3D0047D631 /* InfoPlist.strings in Resources */,
				B178607515962B3D0047D631 /* MainStoryboard_iPhone.storyboard in Resources */,
				B178607815962B3D0047D631 /* MainStoryboard_iPad.storyboard in Resources */,
				B17CE6BA15980041005A12D3 /* resources.bundle in Resources */,
				B1D367C1159E4D1500BBAA89 /* GDataXMLNode.Copying.txt in Resources */,
				B1741FE315A23F5400DE3350 /* DictionaryXMLReadMe.rtf in Resources */,
				B177D84615B531A4002A8814 /* FirstThousandWords.bundle in Resources */,
				B17E2A0F15B5ECCD0021816E /* icon-72e.png in Resources */,
				B10D3E6215D8086D006407DB /* dino144-144.png in Resources */,
				B1310885168B9A74002E2355 /* Default-Portrait@2x~ipad.png in Resources */,
				B1310886168B9A7B002E2355 /* Default-Portrait~ipad.png in Resources */,
				B1310887168B9A82002E2355 /* Default-Landscape@2x~ipad.png in Resources */,
				B1310888168B9A89002E2355 /* Default-Landscape~ipad.png in Resources */,
				B103442F1692746C00589A41 /* iTunesArtwork.png in Resources */,
				B103444F169282A700589A41 /* Default-568h@2x.png in Resources */,
			);
			runOnlyForDeploymentPostprocessing = 0;
		};
/* End PBXResourcesBuildPhase section */

/* Begin PBXSourcesBuildPhase section */
		B178605915962B3D0047D631 /* Sources */ = {
			isa = PBXSourcesBuildPhase;
			buildActionMask = 2147483647;
			files = (
				B1780569159CF52C0013AD65 /* GDataXMLNode.m in Sources */,
				B17CE6C1159812F4005A12D3 /* CoreDataTableViewController.m in Sources */,
				B178606E15962B3D0047D631 /* main.m in Sources */,
				B178607215962B3D0047D631 /* AppDelegate.m in Sources */,
				B1786094159638990047D631 /* Dictionary.xcdatamodeld in Sources */,
				B17860A315963B690047D631 /* Word+Create.m in Sources */,
				B17860A615963BB50047D631 /* Pronunciation+Create.m in Sources */,
				B17AAB7B1596B87F009A5C1D /* DictionaryTableViewController.m in Sources */,
				B1B6DA121596BE7A001781C9 /* DisplayWordViewController.m in Sources */,
				B17CE6C015980481005A12D3 /* DictionaryHelper.m in Sources */,
				B178056E159D0C1E0013AD65 /* GDataXMLNodeHelper.m in Sources */,
				B177D83015B51B61002A8814 /* Dictionary.m in Sources */,
				B177D83415B51B62002A8814 /* ComponentSound.m in Sources */,
				B177D83715B51B62002A8814 /* ComponentSoundSpelling.m in Sources */,
				B177D83A15B51B62002A8814 /* Pronunciation.m in Sources */,
				B177D83D15B51B62002A8814 /* Word.m in Sources */,
				B177D84015B51B98002A8814 /* Dictionary+Create.m in Sources */,
				B17D466A15B8DA8D0059214F /* DictionarySetupViewController.m in Sources */,
				B182489C15E04C7B0093E71F /* SettingsTableViewController.m in Sources */,
				B18248B115E059F30093E71F /* AboutViewController.m in Sources */,
				B18F862416A200A100F33B34 /* SetupTableSwitchViewController.m in Sources */,
			);
			runOnlyForDeploymentPostprocessing = 0;
		};
/* End PBXSourcesBuildPhase section */

/* Begin PBXVariantGroup section */
		B178606A15962B3D0047D631 /* InfoPlist.strings */ = {
			isa = PBXVariantGroup;
			children = (
				B178606B15962B3D0047D631 /* en */,
			);
			name = InfoPlist.strings;
			sourceTree = "<group>";
		};
		B178607315962B3D0047D631 /* MainStoryboard_iPhone.storyboard */ = {
			isa = PBXVariantGroup;
			children = (
				B178607415962B3D0047D631 /* en */,
			);
			name = MainStoryboard_iPhone.storyboard;
			sourceTree = "<group>";
		};
		B178607615962B3D0047D631 /* MainStoryboard_iPad.storyboard */ = {
			isa = PBXVariantGroup;
			children = (
				B178607715962B3D0047D631 /* en */,
			);
			name = MainStoryboard_iPad.storyboard;
			sourceTree = "<group>";
		};
/* End PBXVariantGroup section */

/* Begin XCBuildConfiguration section */
		B178607C15962B3D0047D631 /* Debug */ = {
			isa = XCBuildConfiguration;
			buildSettings = {
				ALWAYS_SEARCH_USER_PATHS = NO;
				ARCHS = "$(ARCHS_STANDARD_32_BIT)";
				CLANG_ENABLE_OBJC_ARC = YES;
				"CODE_SIGN_IDENTITY[sdk=iphoneos*]" = "iPhone Developer";
				COPY_PHASE_STRIP = NO;
				GCC_C_LANGUAGE_STANDARD = gnu99;
				GCC_DYNAMIC_NO_PIC = NO;
				GCC_OPTIMIZATION_LEVEL = 0;
				GCC_PREPROCESSOR_DEFINITIONS = (
					"DEBUG=1",
					"$(inherited)",
				);
				GCC_SYMBOLS_PRIVATE_EXTERN = NO;
				GCC_VERSION = com.apple.compilers.llvm.clang.1_0;
				GCC_WARN_ABOUT_RETURN_TYPE = YES;
				GCC_WARN_UNINITIALIZED_AUTOS = YES;
				GCC_WARN_UNUSED_VARIABLE = YES;
				"HEADER_SEARCH_PATHS[arch=*]" = /usr/include/libxml2;
				IPHONEOS_DEPLOYMENT_TARGET = 5.1;
				"OTHER_LDFLAGS[arch=*]" = "-lxml2";
				SDKROOT = iphoneos;
				TARGETED_DEVICE_FAMILY = "1,2";
			};
			name = Debug;
		};
		B178607D15962B3D0047D631 /* Release */ = {
			isa = XCBuildConfiguration;
			buildSettings = {
				ALWAYS_SEARCH_USER_PATHS = NO;
				ARCHS = "$(ARCHS_STANDARD_32_BIT)";
				CLANG_ENABLE_OBJC_ARC = YES;
				"CODE_SIGN_IDENTITY[sdk=iphoneos*]" = "iPhone Distribution";
				COPY_PHASE_STRIP = YES;
				GCC_C_LANGUAGE_STANDARD = gnu99;
				GCC_VERSION = com.apple.compilers.llvm.clang.1_0;
				GCC_WARN_ABOUT_RETURN_TYPE = YES;
				GCC_WARN_UNINITIALIZED_AUTOS = YES;
				GCC_WARN_UNUSED_VARIABLE = YES;
				"HEADER_SEARCH_PATHS[arch=*]" = /usr/include/libxml2;
				IPHONEOS_DEPLOYMENT_TARGET = 5.1;
				OTHER_CFLAGS = "-DNS_BLOCK_ASSERTIONS=1";
				"OTHER_LDFLAGS[arch=*]" = "-lxml2";
				"PROVISIONING_PROFILE[sdk=iphoneos*]" = "";
				SDKROOT = iphoneos;
				TARGETED_DEVICE_FAMILY = "1,2";
				VALIDATE_PRODUCT = YES;
			};
			name = Release;
		};
		B178607F15962B3D0047D631 /* Debug */ = {
			isa = XCBuildConfiguration;
			buildSettings = {
				CODE_SIGN_IDENTITY = "iPhone Distribution: Alison Kline";
				GCC_PRECOMPILE_PREFIX_HEADER = YES;
				GCC_PREFIX_HEADER = "DDPrototype/DDPrototype-Prefix.pch";
				INFOPLIST_FILE = "DDPrototype/DDPrototype-Info.plist";
				IPHONEOS_DEPLOYMENT_TARGET = 5.0;
				PRODUCT_NAME = "$(TARGET_NAME)";
				PROVISIONING_PROFILE = "A810B7C5-731A-469F-A9DF-741E9019B790";
				TARGETED_DEVICE_FAMILY = "1,2";
				WRAPPER_EXTENSION = app;
			};
			name = Debug;
		};
		B178608015962B3D0047D631 /* Release */ = {
			isa = XCBuildConfiguration;
			buildSettings = {
				CODE_SIGN_IDENTITY = "iPhone Distribution: Alison Kline";
				GCC_PRECOMPILE_PREFIX_HEADER = YES;
				GCC_PREFIX_HEADER = "DDPrototype/DDPrototype-Prefix.pch";
				INFOPLIST_FILE = "DDPrototype/DDPrototype-Info.plist";
				IPHONEOS_DEPLOYMENT_TARGET = 5.0;
				PRODUCT_NAME = "$(TARGET_NAME)";
				PROVISIONING_PROFILE = "A810B7C5-731A-469F-A9DF-741E9019B790";
				TARGETED_DEVICE_FAMILY = "1,2";
				WRAPPER_EXTENSION = app;
			};
			name = Release;
		};
		B17E2A1215B5EF1E0021816E /* Ad Hoc */ = {
			isa = XCBuildConfiguration;
			buildSettings = {
				ALWAYS_SEARCH_USER_PATHS = NO;
				ARCHS = "$(ARCHS_STANDARD_32_BIT)";
				CLANG_ENABLE_OBJC_ARC = YES;
				"CODE_SIGN_IDENTITY[sdk=iphoneos*]" = "iPhone Distribution";
				COPY_PHASE_STRIP = YES;
				GCC_C_LANGUAGE_STANDARD = gnu99;
				GCC_VERSION = com.apple.compilers.llvm.clang.1_0;
				GCC_WARN_ABOUT_RETURN_TYPE = YES;
				GCC_WARN_UNINITIALIZED_AUTOS = YES;
				GCC_WARN_UNUSED_VARIABLE = YES;
				"HEADER_SEARCH_PATHS[arch=*]" = /usr/include/libxml2;
				IPHONEOS_DEPLOYMENT_TARGET = 5.1;
				OTHER_CFLAGS = "-DNS_BLOCK_ASSERTIONS=1";
				"OTHER_LDFLAGS[arch=*]" = "-lxml2";
				PRODUCT_NAME = "";
				"PROVISIONING_PROFILE[sdk=iphoneos*]" = "";
				SDKROOT = iphoneos;
				TARGETED_DEVICE_FAMILY = "1,2";
				VALIDATE_PRODUCT = YES;
			};
			name = "Ad Hoc";
		};
		B17E2A1315B5EF1E0021816E /* Ad Hoc */ = {
			isa = XCBuildConfiguration;
			buildSettings = {
				CODE_SIGN_IDENTITY = "iPhone Distribution: Alison Kline";
				"CODE_SIGN_IDENTITY[sdk=iphoneos*]" = "iPhone Developer";
				GCC_PRECOMPILE_PREFIX_HEADER = YES;
				GCC_PREFIX_HEADER = "DDPrototype/DDPrototype-Prefix.pch";
				INFOPLIST_FILE = "DDPrototype/DDPrototype-Info.plist";
				IPHONEOS_DEPLOYMENT_TARGET = 5.0;
				PRODUCT_NAME = "$(TARGET_NAME)";
				PROVISIONING_PROFILE = "A810B7C5-731A-469F-A9DF-741E9019B790";
				"PROVISIONING_PROFILE[sdk=iphoneos*]" = "";
				TARGETED_DEVICE_FAMILY = "1,2";
				WRAPPER_EXTENSION = app;
			};
			name = "Ad Hoc";
		};
/* End XCBuildConfiguration section */

/* Begin XCConfigurationList section */
		B178605715962B3D0047D631 /* Build configuration list for PBXProject "DDPrototype" */ = {
			isa = XCConfigurationList;
			buildConfigurations = (
				B178607C15962B3D0047D631 /* Debug */,
				B178607D15962B3D0047D631 /* Release */,
				B17E2A1215B5EF1E0021816E /* Ad Hoc */,
			);
			defaultConfigurationIsVisible = 0;
			defaultConfigurationName = Release;
		};
		B178607E15962B3D0047D631 /* Build configuration list for PBXNativeTarget "DD's Dictionary" */ = {
			isa = XCConfigurationList;
			buildConfigurations = (
				B178607F15962B3D0047D631 /* Debug */,
				B178608015962B3D0047D631 /* Release */,
				B17E2A1315B5EF1E0021816E /* Ad Hoc */,
			);
			defaultConfigurationIsVisible = 0;
			defaultConfigurationName = Release;
		};
/* End XCConfigurationList section */

/* Begin XCVersionGroup section */
		B1786092159638990047D631 /* Dictionary.xcdatamodeld */ = {
			isa = XCVersionGroup;
			children = (
				B1786093159638990047D631 /* Dictionary.xcdatamodel */,
			);
			currentVersion = B1786093159638990047D631 /* Dictionary.xcdatamodel */;
			path = Dictionary.xcdatamodeld;
			sourceTree = "<group>";
			versionGroupType = wrapper.xcdatamodel;
		};
/* End XCVersionGroup section */
	};
	rootObject = B178605415962B3D0047D631 /* Project object */;
}
