// !$*UTF8*$!
{
	archiveVersion = 1;
	classes = {
	};
	objectVersion = 46;
	objects = {

/* Begin PBXBuildFile section */
		B150AEB4159A6771007A1129 /* AudioToolbox.framework in Frameworks */ = {isa = PBXBuildFile; fileRef = B150AEB3159A6771007A1129 /* AudioToolbox.framework */; };
		B150AEB7159A7B58007A1129 /* could.wav in Resources */ = {isa = PBXBuildFile; fileRef = B150AEB6159A7B58007A1129 /* could.wav */; };
		B150AEBF159A830D007A1129 /* should.wav in Resources */ = {isa = PBXBuildFile; fileRef = B150AEBE159A830D007A1129 /* should.wav */; };
		B150AEC1159A8319007A1129 /* would.wav in Resources */ = {isa = PBXBuildFile; fileRef = B150AEC0159A8319007A1129 /* would.wav */; };
		B1780569159CF52C0013AD65 /* GDataXMLNode.m in Sources */ = {isa = PBXBuildFile; fileRef = B1786143159BD6E3004A79E5 /* GDataXMLNode.m */; settings = {COMPILER_FLAGS = "-fno-objc-arc"; }; };
		B178056B159CF8A70013AD65 /* TestDictionary1.xml in Resources */ = {isa = PBXBuildFile; fileRef = B178056A159CF8A70013AD65 /* TestDictionary1.xml */; };
		B178056E159D0C1E0013AD65 /* GDataXMLNodeHelper.m in Sources */ = {isa = PBXBuildFile; fileRef = B178056D159D0C1E0013AD65 /* GDataXMLNodeHelper.m */; };
		B1780575159D1F430013AD65 /* Word.m in Sources */ = {isa = PBXBuildFile; fileRef = B1780574159D1F430013AD65 /* Word.m */; };
		B178606215962B3D0047D631 /* UIKit.framework in Frameworks */ = {isa = PBXBuildFile; fileRef = B178606115962B3D0047D631 /* UIKit.framework */; };
		B178606415962B3D0047D631 /* Foundation.framework in Frameworks */ = {isa = PBXBuildFile; fileRef = B178606315962B3D0047D631 /* Foundation.framework */; };
		B178606615962B3D0047D631 /* CoreGraphics.framework in Frameworks */ = {isa = PBXBuildFile; fileRef = B178606515962B3D0047D631 /* CoreGraphics.framework */; };
		B178606C15962B3D0047D631 /* InfoPlist.strings in Resources */ = {isa = PBXBuildFile; fileRef = B178606A15962B3D0047D631 /* InfoPlist.strings */; };
		B178606E15962B3D0047D631 /* main.m in Sources */ = {isa = PBXBuildFile; fileRef = B178606D15962B3D0047D631 /* main.m */; };
		B178607215962B3D0047D631 /* AppDelegate.m in Sources */ = {isa = PBXBuildFile; fileRef = B178607115962B3D0047D631 /* AppDelegate.m */; };
		B178607515962B3D0047D631 /* MainStoryboard_iPhone.storyboard in Resources */ = {isa = PBXBuildFile; fileRef = B178607315962B3D0047D631 /* MainStoryboard_iPhone.storyboard */; };
		B178607815962B3D0047D631 /* MainStoryboard_iPad.storyboard in Resources */ = {isa = PBXBuildFile; fileRef = B178607615962B3D0047D631 /* MainStoryboard_iPad.storyboard */; };
		B1786094159638990047D631 /* Dictionary.xcdatamodeld in Sources */ = {isa = PBXBuildFile; fileRef = B1786092159638990047D631 /* Dictionary.xcdatamodeld */; };
		B17860A315963B690047D631 /* Word+Create.m in Sources */ = {isa = PBXBuildFile; fileRef = B17860A215963B690047D631 /* Word+Create.m */; };
		B17860A615963BB50047D631 /* Pronunciation+Create.m in Sources */ = {isa = PBXBuildFile; fileRef = B17860A515963BB50047D631 /* Pronunciation+Create.m */; };
		B178611A159BAC99004A79E5 /* PhonemeSpelling.m in Sources */ = {isa = PBXBuildFile; fileRef = B1786119159BAC99004A79E5 /* PhonemeSpelling.m */; };
		B178611D159BAC99004A79E5 /* Phoneme.m in Sources */ = {isa = PBXBuildFile; fileRef = B178611C159BAC99004A79E5 /* Phoneme.m */; };
		B1786123159BAC99004A79E5 /* Pronunciation.m in Sources */ = {isa = PBXBuildFile; fileRef = B1786122159BAC99004A79E5 /* Pronunciation.m */; };
		B1786131159BCCCD004A79E5 /* a-cat.wav in Resources */ = {isa = PBXBuildFile; fileRef = B1786125159BCCCD004A79E5 /* a-cat.wav */; };
		B1786132159BCCCD004A79E5 /* aa-rate.wav in Resources */ = {isa = PBXBuildFile; fileRef = B1786126159BCCCD004A79E5 /* aa-rate.wav */; };
		B1786133159BCCCD004A79E5 /* c-cat.wav in Resources */ = {isa = PBXBuildFile; fileRef = B1786127159BCCCD004A79E5 /* c-cat.wav */; };
		B1786134159BCCCD004A79E5 /* c-could.wav in Resources */ = {isa = PBXBuildFile; fileRef = B1786128159BCCCD004A79E5 /* c-could.wav */; };
		B1786135159BCCCD004A79E5 /* d-could.wav in Resources */ = {isa = PBXBuildFile; fileRef = B1786129159BCCCD004A79E5 /* d-could.wav */; };
		B1786136159BCCCD004A79E5 /* d-would.wav in Resources */ = {isa = PBXBuildFile; fileRef = B178612A159BCCCD004A79E5 /* d-would.wav */; };
		B1786137159BCCCD004A79E5 /* ou-could.wav in Resources */ = {isa = PBXBuildFile; fileRef = B178612B159BCCCD004A79E5 /* ou-could.wav */; };
		B1786138159BCCCD004A79E5 /* ou-would.wav in Resources */ = {isa = PBXBuildFile; fileRef = B178612C159BCCCD004A79E5 /* ou-would.wav */; };
		B1786139159BCCCD004A79E5 /* r-rate.wav in Resources */ = {isa = PBXBuildFile; fileRef = B178612D159BCCCD004A79E5 /* r-rate.wav */; };
		B178613A159BCCCD004A79E5 /* sh-should.wav in Resources */ = {isa = PBXBuildFile; fileRef = B178612E159BCCCD004A79E5 /* sh-should.wav */; };
		B178613B159BCCCD004A79E5 /* t-cat.wav in Resources */ = {isa = PBXBuildFile; fileRef = B178612F159BCCCD004A79E5 /* t-cat.wav */; };
		B178613C159BCCCD004A79E5 /* w-would.wav in Resources */ = {isa = PBXBuildFile; fileRef = B1786130159BCCCD004A79E5 /* w-would.wav */; };
		B178613F159BCCE2004A79E5 /* cat.wav in Resources */ = {isa = PBXBuildFile; fileRef = B178613D159BCCE2004A79E5 /* cat.wav */; };
		B1786140159BCCE2004A79E5 /* rate.wav in Resources */ = {isa = PBXBuildFile; fileRef = B178613E159BCCE2004A79E5 /* rate.wav */; };
		B17AAB7B1596B87F009A5C1D /* DictionaryTableViewController.m in Sources */ = {isa = PBXBuildFile; fileRef = B17AAB7A1596B87F009A5C1D /* DictionaryTableViewController.m */; };
		B17CE6BA15980041005A12D3 /* resources.bundle in Resources */ = {isa = PBXBuildFile; fileRef = B17CE6B915980041005A12D3 /* resources.bundle */; };
		B17CE6C015980481005A12D3 /* DictionaryHelper.m in Sources */ = {isa = PBXBuildFile; fileRef = B17CE6BF15980481005A12D3 /* DictionaryHelper.m */; };
		B17CE6C1159812F4005A12D3 /* CoreDataTableViewController.m in Sources */ = {isa = PBXBuildFile; fileRef = B17CE6BD15980349005A12D3 /* CoreDataTableViewController.m */; };
		B1B6DA121596BE7A001781C9 /* DisplayWordViewController.m in Sources */ = {isa = PBXBuildFile; fileRef = B1B6DA111596BE7A001781C9 /* DisplayWordViewController.m */; };
		B1B6DA181596C6A8001781C9 /* CoreData.framework in Frameworks */ = {isa = PBXBuildFile; fileRef = B1B6DA171596C6A8001781C9 /* CoreData.framework */; };
		B1D367BB159DA41E00BBAA89 /* FirstGradeDictionary.xml in Resources */ = {isa = PBXBuildFile; fileRef = B1D367BA159DA41E00BBAA89 /* FirstGradeDictionary.xml */; };
/* End PBXBuildFile section */

/* Begin PBXFileReference section */
		B150AEB3159A6771007A1129 /* AudioToolbox.framework */ = {isa = PBXFileReference; lastKnownFileType = wrapper.framework; name = AudioToolbox.framework; path = System/Library/Frameworks/AudioToolbox.framework; sourceTree = SDKROOT; };
		B150AEB6159A7B58007A1129 /* could.wav */ = {isa = PBXFileReference; lastKnownFileType = audio.wav; path = could.wav; sourceTree = "<group>"; };
		B150AEBE159A830D007A1129 /* should.wav */ = {isa = PBXFileReference; lastKnownFileType = audio.wav; path = should.wav; sourceTree = "<group>"; };
		B150AEC0159A8319007A1129 /* would.wav */ = {isa = PBXFileReference; lastKnownFileType = audio.wav; path = would.wav; sourceTree = "<group>"; };
		B178056A159CF8A70013AD65 /* TestDictionary1.xml */ = {isa = PBXFileReference; fileEncoding = 4; lastKnownFileType = text.xml; path = TestDictionary1.xml; sourceTree = "<group>"; };
		B178056C159D0C1E0013AD65 /* GDataXMLNodeHelper.h */ = {isa = PBXFileReference; fileEncoding = 4; lastKnownFileType = sourcecode.c.h; path = GDataXMLNodeHelper.h; sourceTree = "<group>"; };
		B178056D159D0C1E0013AD65 /* GDataXMLNodeHelper.m */ = {isa = PBXFileReference; fileEncoding = 4; lastKnownFileType = sourcecode.c.objc; path = GDataXMLNodeHelper.m; sourceTree = "<group>"; };
		B1780573159D1F430013AD65 /* Word.h */ = {isa = PBXFileReference; fileEncoding = 4; lastKnownFileType = sourcecode.c.h; path = Word.h; sourceTree = "<group>"; };
		B1780574159D1F430013AD65 /* Word.m */ = {isa = PBXFileReference; fileEncoding = 4; lastKnownFileType = sourcecode.c.objc; path = Word.m; sourceTree = "<group>"; };
		B178605D15962B3D0047D631 /* DDPrototype.app */ = {isa = PBXFileReference; explicitFileType = wrapper.application; includeInIndex = 0; path = DDPrototype.app; sourceTree = BUILT_PRODUCTS_DIR; };
		B178606115962B3D0047D631 /* UIKit.framework */ = {isa = PBXFileReference; lastKnownFileType = wrapper.framework; name = UIKit.framework; path = System/Library/Frameworks/UIKit.framework; sourceTree = SDKROOT; };
		B178606315962B3D0047D631 /* Foundation.framework */ = {isa = PBXFileReference; lastKnownFileType = wrapper.framework; name = Foundation.framework; path = System/Library/Frameworks/Foundation.framework; sourceTree = SDKROOT; };
		B178606515962B3D0047D631 /* CoreGraphics.framework */ = {isa = PBXFileReference; lastKnownFileType = wrapper.framework; name = CoreGraphics.framework; path = System/Library/Frameworks/CoreGraphics.framework; sourceTree = SDKROOT; };
		B178606915962B3D0047D631 /* DDPrototype-Info.plist */ = {isa = PBXFileReference; lastKnownFileType = text.plist.xml; path = "DDPrototype-Info.plist"; sourceTree = "<group>"; };
		B178606B15962B3D0047D631 /* en */ = {isa = PBXFileReference; lastKnownFileType = text.plist.strings; name = en; path = en.lproj/InfoPlist.strings; sourceTree = "<group>"; };
		B178606D15962B3D0047D631 /* main.m */ = {isa = PBXFileReference; lastKnownFileType = sourcecode.c.objc; path = main.m; sourceTree = "<group>"; };
		B178606F15962B3D0047D631 /* DDPrototype-Prefix.pch */ = {isa = PBXFileReference; lastKnownFileType = sourcecode.c.h; path = "DDPrototype-Prefix.pch"; sourceTree = "<group>"; };
		B178607015962B3D0047D631 /* AppDelegate.h */ = {isa = PBXFileReference; lastKnownFileType = sourcecode.c.h; path = AppDelegate.h; sourceTree = "<group>"; };
		B178607115962B3D0047D631 /* AppDelegate.m */ = {isa = PBXFileReference; lastKnownFileType = sourcecode.c.objc; path = AppDelegate.m; sourceTree = "<group>"; };
		B178607415962B3D0047D631 /* en */ = {isa = PBXFileReference; lastKnownFileType = file.storyboard; name = en; path = en.lproj/MainStoryboard_iPhone.storyboard; sourceTree = "<group>"; };
		B178607715962B3D0047D631 /* en */ = {isa = PBXFileReference; lastKnownFileType = file.storyboard; name = en; path = en.lproj/MainStoryboard_iPad.storyboard; sourceTree = "<group>"; };
		B1786093159638990047D631 /* Dictionary.xcdatamodel */ = {isa = PBXFileReference; lastKnownFileType = wrapper.xcdatamodel; path = Dictionary.xcdatamodel; sourceTree = "<group>"; };
		B17860A115963B690047D631 /* Word+Create.h */ = {isa = PBXFileReference; fileEncoding = 4; lastKnownFileType = sourcecode.c.h; path = "Word+Create.h"; sourceTree = "<group>"; };
		B17860A215963B690047D631 /* Word+Create.m */ = {isa = PBXFileReference; fileEncoding = 4; lastKnownFileType = sourcecode.c.objc; path = "Word+Create.m"; sourceTree = "<group>"; };
		B17860A415963BB50047D631 /* Pronunciation+Create.h */ = {isa = PBXFileReference; fileEncoding = 4; lastKnownFileType = sourcecode.c.h; path = "Pronunciation+Create.h"; sourceTree = "<group>"; };
		B17860A515963BB50047D631 /* Pronunciation+Create.m */ = {isa = PBXFileReference; fileEncoding = 4; lastKnownFileType = sourcecode.c.objc; path = "Pronunciation+Create.m"; sourceTree = "<group>"; };
		B1786118159BAC99004A79E5 /* PhonemeSpelling.h */ = {isa = PBXFileReference; fileEncoding = 4; lastKnownFileType = sourcecode.c.h; path = PhonemeSpelling.h; sourceTree = "<group>"; };
		B1786119159BAC99004A79E5 /* PhonemeSpelling.m */ = {isa = PBXFileReference; fileEncoding = 4; lastKnownFileType = sourcecode.c.objc; path = PhonemeSpelling.m; sourceTree = "<group>"; };
		B178611B159BAC99004A79E5 /* Phoneme.h */ = {isa = PBXFileReference; fileEncoding = 4; lastKnownFileType = sourcecode.c.h; path = Phoneme.h; sourceTree = "<group>"; };
		B178611C159BAC99004A79E5 /* Phoneme.m */ = {isa = PBXFileReference; fileEncoding = 4; lastKnownFileType = sourcecode.c.objc; path = Phoneme.m; sourceTree = "<group>"; };
		B1786121159BAC99004A79E5 /* Pronunciation.h */ = {isa = PBXFileReference; fileEncoding = 4; lastKnownFileType = sourcecode.c.h; path = Pronunciation.h; sourceTree = "<group>"; };
		B1786122159BAC99004A79E5 /* Pronunciation.m */ = {isa = PBXFileReference; fileEncoding = 4; lastKnownFileType = sourcecode.c.objc; path = Pronunciation.m; sourceTree = "<group>"; };
		B1786125159BCCCD004A79E5 /* a-cat.wav */ = {isa = PBXFileReference; lastKnownFileType = audio.wav; path = "a-cat.wav"; sourceTree = "<group>"; };
		B1786126159BCCCD004A79E5 /* aa-rate.wav */ = {isa = PBXFileReference; lastKnownFileType = audio.wav; path = "aa-rate.wav"; sourceTree = "<group>"; };
		B1786127159BCCCD004A79E5 /* c-cat.wav */ = {isa = PBXFileReference; lastKnownFileType = audio.wav; path = "c-cat.wav"; sourceTree = "<group>"; };
		B1786128159BCCCD004A79E5 /* c-could.wav */ = {isa = PBXFileReference; lastKnownFileType = audio.wav; path = "c-could.wav"; sourceTree = "<group>"; };
		B1786129159BCCCD004A79E5 /* d-could.wav */ = {isa = PBXFileReference; lastKnownFileType = audio.wav; path = "d-could.wav"; sourceTree = "<group>"; };
		B178612A159BCCCD004A79E5 /* d-would.wav */ = {isa = PBXFileReference; lastKnownFileType = audio.wav; path = "d-would.wav"; sourceTree = "<group>"; };
		B178612B159BCCCD004A79E5 /* ou-could.wav */ = {isa = PBXFileReference; lastKnownFileType = audio.wav; path = "ou-could.wav"; sourceTree = "<group>"; };
		B178612C159BCCCD004A79E5 /* ou-would.wav */ = {isa = PBXFileReference; lastKnownFileType = audio.wav; path = "ou-would.wav"; sourceTree = "<group>"; };
		B178612D159BCCCD004A79E5 /* r-rate.wav */ = {isa = PBXFileReference; lastKnownFileType = audio.wav; path = "r-rate.wav"; sourceTree = "<group>"; };
		B178612E159BCCCD004A79E5 /* sh-should.wav */ = {isa = PBXFileReference; lastKnownFileType = audio.wav; path = "sh-should.wav"; sourceTree = "<group>"; };
		B178612F159BCCCD004A79E5 /* t-cat.wav */ = {isa = PBXFileReference; lastKnownFileType = audio.wav; path = "t-cat.wav"; sourceTree = "<group>"; };
		B1786130159BCCCD004A79E5 /* w-would.wav */ = {isa = PBXFileReference; lastKnownFileType = audio.wav; path = "w-would.wav"; sourceTree = "<group>"; };
		B178613D159BCCE2004A79E5 /* cat.wav */ = {isa = PBXFileReference; lastKnownFileType = audio.wav; path = cat.wav; sourceTree = "<group>"; };
		B178613E159BCCE2004A79E5 /* rate.wav */ = {isa = PBXFileReference; lastKnownFileType = audio.wav; path = rate.wav; sourceTree = "<group>"; };
		B1786142159BD6E3004A79E5 /* GDataXMLNode.h */ = {isa = PBXFileReference; lastKnownFileType = sourcecode.c.h; path = GDataXMLNode.h; sourceTree = "<group>"; };
		B1786143159BD6E3004A79E5 /* GDataXMLNode.m */ = {isa = PBXFileReference; lastKnownFileType = sourcecode.c.objc; path = GDataXMLNode.m; sourceTree = "<group>"; };
		B17AAB791596B87F009A5C1D /* DictionaryTableViewController.h */ = {isa = PBXFileReference; fileEncoding = 4; lastKnownFileType = sourcecode.c.h; path = DictionaryTableViewController.h; sourceTree = "<group>"; };
		B17AAB7A1596B87F009A5C1D /* DictionaryTableViewController.m */ = {isa = PBXFileReference; fileEncoding = 4; lastKnownFileType = sourcecode.c.objc; path = DictionaryTableViewController.m; sourceTree = "<group>"; };
		B17CE6B915980041005A12D3 /* resources.bundle */ = {isa = PBXFileReference; lastKnownFileType = "wrapper.plug-in"; path = resources.bundle; sourceTree = "<group>"; };
		B17CE6BC15980349005A12D3 /* CoreDataTableViewController.h */ = {isa = PBXFileReference; lastKnownFileType = sourcecode.c.h; path = CoreDataTableViewController.h; sourceTree = "<group>"; };
		B17CE6BD15980349005A12D3 /* CoreDataTableViewController.m */ = {isa = PBXFileReference; lastKnownFileType = sourcecode.c.objc; path = CoreDataTableViewController.m; sourceTree = "<group>"; };
		B17CE6BE15980481005A12D3 /* DictionaryHelper.h */ = {isa = PBXFileReference; fileEncoding = 4; lastKnownFileType = sourcecode.c.h; path = DictionaryHelper.h; sourceTree = "<group>"; };
		B17CE6BF15980481005A12D3 /* DictionaryHelper.m */ = {isa = PBXFileReference; fileEncoding = 4; lastKnownFileType = sourcecode.c.objc; path = DictionaryHelper.m; sourceTree = "<group>"; };
		B1B6DA101596BE7A001781C9 /* DisplayWordViewController.h */ = {isa = PBXFileReference; fileEncoding = 4; lastKnownFileType = sourcecode.c.h; path = DisplayWordViewController.h; sourceTree = "<group>"; };
		B1B6DA111596BE7A001781C9 /* DisplayWordViewController.m */ = {isa = PBXFileReference; fileEncoding = 4; lastKnownFileType = sourcecode.c.objc; path = DisplayWordViewController.m; sourceTree = "<group>"; };
		B1B6DA171596C6A8001781C9 /* CoreData.framework */ = {isa = PBXFileReference; lastKnownFileType = wrapper.framework; name = CoreData.framework; path = System/Library/Frameworks/CoreData.framework; sourceTree = SDKROOT; };
		B1D367BA159DA41E00BBAA89 /* FirstGradeDictionary.xml */ = {isa = PBXFileReference; fileEncoding = 4; lastKnownFileType = text.xml; path = FirstGradeDictionary.xml; sourceTree = "<group>"; };
/* End PBXFileReference section */

/* Begin PBXFrameworksBuildPhase section */
		B178605A15962B3D0047D631 /* Frameworks */ = {
			isa = PBXFrameworksBuildPhase;
			buildActionMask = 2147483647;
			files = (
				B150AEB4159A6771007A1129 /* AudioToolbox.framework in Frameworks */,
				B1B6DA181596C6A8001781C9 /* CoreData.framework in Frameworks */,
				B178606215962B3D0047D631 /* UIKit.framework in Frameworks */,
				B178606415962B3D0047D631 /* Foundation.framework in Frameworks */,
				B178606615962B3D0047D631 /* CoreGraphics.framework in Frameworks */,
			);
			runOnlyForDeploymentPostprocessing = 0;
		};
/* End PBXFrameworksBuildPhase section */

/* Begin PBXGroup section */
		B150AEB8159A8277007A1129 /* Phonemes */ = {
			isa = PBXGroup;
			children = (
				B1786125159BCCCD004A79E5 /* a-cat.wav */,
				B1786126159BCCCD004A79E5 /* aa-rate.wav */,
				B1786127159BCCCD004A79E5 /* c-cat.wav */,
				B1786128159BCCCD004A79E5 /* c-could.wav */,
				B1786129159BCCCD004A79E5 /* d-could.wav */,
				B178612A159BCCCD004A79E5 /* d-would.wav */,
				B178612B159BCCCD004A79E5 /* ou-could.wav */,
				B178612C159BCCCD004A79E5 /* ou-would.wav */,
				B178612D159BCCCD004A79E5 /* r-rate.wav */,
				B178612E159BCCCD004A79E5 /* sh-should.wav */,
				B178612F159BCCCD004A79E5 /* t-cat.wav */,
				B1786130159BCCCD004A79E5 /* w-would.wav */,
			);
			name = Phonemes;
			sourceTree = "<group>";
		};
		B150AEB9159A8291007A1129 /* TestDictionary1 */ = {
			isa = PBXGroup;
			children = (
				B178056A159CF8A70013AD65 /* TestDictionary1.xml */,
				B178613D159BCCE2004A79E5 /* cat.wav */,
				B178613E159BCCE2004A79E5 /* rate.wav */,
				B150AEBE159A830D007A1129 /* should.wav */,
				B150AEC0159A8319007A1129 /* would.wav */,
				B150AEB6159A7B58007A1129 /* could.wav */,
			);
			name = TestDictionary1;
			sourceTree = "<group>";
		};
		B178605215962B3D0047D631 = {
			isa = PBXGroup;
			children = (
				B150AEB3159A6771007A1129 /* AudioToolbox.framework */,
				B1B6DA171596C6A8001781C9 /* CoreData.framework */,
				B178606715962B3D0047D631 /* DDPrototype */,
				B178606015962B3D0047D631 /* Frameworks */,
				B178605E15962B3D0047D631 /* Products */,
			);
			sourceTree = "<group>";
		};
		B178605E15962B3D0047D631 /* Products */ = {
			isa = PBXGroup;
			children = (
				B178605D15962B3D0047D631 /* DDPrototype.app */,
			);
			name = Products;
			sourceTree = "<group>";
		};
		B178606015962B3D0047D631 /* Frameworks */ = {
			isa = PBXGroup;
			children = (
				B178606115962B3D0047D631 /* UIKit.framework */,
				B178606315962B3D0047D631 /* Foundation.framework */,
				B178606515962B3D0047D631 /* CoreGraphics.framework */,
			);
			name = Frameworks;
			sourceTree = "<group>";
		};
		B178606715962B3D0047D631 /* DDPrototype */ = {
			isa = PBXGroup;
			children = (
				B178607315962B3D0047D631 /* MainStoryboard_iPhone.storyboard */,
				B178607615962B3D0047D631 /* MainStoryboard_iPad.storyboard */,
				B17CE6B915980041005A12D3 /* resources.bundle */,
				B178608B159638050047D631 /* Database */,
				B1B6DA101596BE7A001781C9 /* DisplayWordViewController.h */,
				B1B6DA111596BE7A001781C9 /* DisplayWordViewController.m */,
				B17CE6BC15980349005A12D3 /* CoreDataTableViewController.h */,
				B17CE6BD15980349005A12D3 /* CoreDataTableViewController.m */,
				B17AAB791596B87F009A5C1D /* DictionaryTableViewController.h */,
				B17AAB7A1596B87F009A5C1D /* DictionaryTableViewController.m */,
				B17CE6BE15980481005A12D3 /* DictionaryHelper.h */,
				B17CE6BF15980481005A12D3 /* DictionaryHelper.m */,
				B178056C159D0C1E0013AD65 /* GDataXMLNodeHelper.h */,
				B178056D159D0C1E0013AD65 /* GDataXMLNodeHelper.m */,
				B1786142159BD6E3004A79E5 /* GDataXMLNode.h */,
				B1786143159BD6E3004A79E5 /* GDataXMLNode.m */,
				B150AEB8159A8277007A1129 /* Phonemes */,
				B1D367B7159DA3B900BBAA89 /* FirstGradeDictionary */,
				B150AEB9159A8291007A1129 /* TestDictionary1 */,
				B178606815962B3D0047D631 /* Supporting Files */,
			);
			path = DDPrototype;
			sourceTree = "<group>";
		};
		B178606815962B3D0047D631 /* Supporting Files */ = {
			isa = PBXGroup;
			children = (
				B178607015962B3D0047D631 /* AppDelegate.h */,
				B178607115962B3D0047D631 /* AppDelegate.m */,
				B178606915962B3D0047D631 /* DDPrototype-Info.plist */,
				B178606A15962B3D0047D631 /* InfoPlist.strings */,
				B178606D15962B3D0047D631 /* main.m */,
				B178606F15962B3D0047D631 /* DDPrototype-Prefix.pch */,
			);
			name = "Supporting Files";
			sourceTree = "<group>";
		};
		B178608B159638050047D631 /* Database */ = {
			isa = PBXGroup;
			children = (
				B1786092159638990047D631 /* Dictionary.xcdatamodeld */,
				B1780573159D1F430013AD65 /* Word.h */,
				B1780574159D1F430013AD65 /* Word.m */,
				B1786121159BAC99004A79E5 /* Pronunciation.h */,
				B1786122159BAC99004A79E5 /* Pronunciation.m */,
				B178611B159BAC99004A79E5 /* Phoneme.h */,
				B178611C159BAC99004A79E5 /* Phoneme.m */,
				B1786118159BAC99004A79E5 /* PhonemeSpelling.h */,
				B1786119159BAC99004A79E5 /* PhonemeSpelling.m */,
				B17860A115963B690047D631 /* Word+Create.h */,
				B17860A215963B690047D631 /* Word+Create.m */,
				B17860A415963BB50047D631 /* Pronunciation+Create.h */,
				B17860A515963BB50047D631 /* Pronunciation+Create.m */,
			);
			name = Database;
			sourceTree = "<group>";
		};
		B1D367B7159DA3B900BBAA89 /* FirstGradeDictionary */ = {
			isa = PBXGroup;
			children = (
				B1D367BA159DA41E00BBAA89 /* FirstGradeDictionary.xml */,
			);
			name = FirstGradeDictionary;
			sourceTree = "<group>";
		};
/* End PBXGroup section */

/* Begin PBXNativeTarget section */
		B178605C15962B3D0047D631 /* DDPrototype */ = {
			isa = PBXNativeTarget;
			buildConfigurationList = B178607E15962B3D0047D631 /* Build configuration list for PBXNativeTarget "DDPrototype" */;
			buildPhases = (
				B178605915962B3D0047D631 /* Sources */,
				B178605A15962B3D0047D631 /* Frameworks */,
				B178605B15962B3D0047D631 /* Resources */,
			);
			buildRules = (
			);
			dependencies = (
			);
			name = DDPrototype;
			productName = DDPrototype;
			productReference = B178605D15962B3D0047D631 /* DDPrototype.app */;
			productType = "com.apple.product-type.application";
		};
/* End PBXNativeTarget section */

/* Begin PBXProject section */
		B178605415962B3D0047D631 /* Project object */ = {
			isa = PBXProject;
			attributes = {
				LastUpgradeCheck = 0430;
			};
			buildConfigurationList = B178605715962B3D0047D631 /* Build configuration list for PBXProject "DDPrototype" */;
			compatibilityVersion = "Xcode 3.2";
			developmentRegion = English;
			hasScannedForEncodings = 0;
			knownRegions = (
				en,
			);
			mainGroup = B178605215962B3D0047D631;
			productRefGroup = B178605E15962B3D0047D631 /* Products */;
			projectDirPath = "";
			projectRoot = "";
			targets = (
				B178605C15962B3D0047D631 /* DDPrototype */,
			);
		};
/* End PBXProject section */

/* Begin PBXResourcesBuildPhase section */
		B178605B15962B3D0047D631 /* Resources */ = {
			isa = PBXResourcesBuildPhase;
			buildActionMask = 2147483647;
			files = (
				B178606C15962B3D0047D631 /* InfoPlist.strings in Resources */,
				B178607515962B3D0047D631 /* MainStoryboard_iPhone.storyboard in Resources */,
				B178607815962B3D0047D631 /* MainStoryboard_iPad.storyboard in Resources */,
				B17CE6BA15980041005A12D3 /* resources.bundle in Resources */,
				B150AEB7159A7B58007A1129 /* could.wav in Resources */,
				B150AEBF159A830D007A1129 /* should.wav in Resources */,
				B150AEC1159A8319007A1129 /* would.wav in Resources */,
				B1786131159BCCCD004A79E5 /* a-cat.wav in Resources */,
				B1786132159BCCCD004A79E5 /* aa-rate.wav in Resources */,
				B1786133159BCCCD004A79E5 /* c-cat.wav in Resources */,
				B1786134159BCCCD004A79E5 /* c-could.wav in Resources */,
				B1786135159BCCCD004A79E5 /* d-could.wav in Resources */,
				B1786136159BCCCD004A79E5 /* d-would.wav in Resources */,
				B1786137159BCCCD004A79E5 /* ou-could.wav in Resources */,
				B1786138159BCCCD004A79E5 /* ou-would.wav in Resources */,
				B1786139159BCCCD004A79E5 /* r-rate.wav in Resources */,
				B178613A159BCCCD004A79E5 /* sh-should.wav in Resources */,
				B178613B159BCCCD004A79E5 /* t-cat.wav in Resources */,
				B178613C159BCCCD004A79E5 /* w-would.wav in Resources */,
				B178613F159BCCE2004A79E5 /* cat.wav in Resources */,
				B1786140159BCCE2004A79E5 /* rate.wav in Resources */,
				B178056B159CF8A70013AD65 /* TestDictionary1.xml in Resources */,
				B1D367BB159DA41E00BBAA89 /* FirstGradeDictionary.xml in Resources */,
			);
			runOnlyForDeploymentPostprocessing = 0;
		};
/* End PBXResourcesBuildPhase section */

/* Begin PBXSourcesBuildPhase section */
		B178605915962B3D0047D631 /* Sources */ = {
			isa = PBXSourcesBuildPhase;
			buildActionMask = 2147483647;
			files = (
				B1780569159CF52C0013AD65 /* GDataXMLNode.m in Sources */,
				B17CE6C1159812F4005A12D3 /* CoreDataTableViewController.m in Sources */,
				B178606E15962B3D0047D631 /* main.m in Sources */,
				B178607215962B3D0047D631 /* AppDelegate.m in Sources */,
				B1786094159638990047D631 /* Dictionary.xcdatamodeld in Sources */,
				B17860A315963B690047D631 /* Word+Create.m in Sources */,
				B17860A615963BB50047D631 /* Pronunciation+Create.m in Sources */,
				B17AAB7B1596B87F009A5C1D /* DictionaryTableViewController.m in Sources */,
				B1B6DA121596BE7A001781C9 /* DisplayWordViewController.m in Sources */,
				B17CE6C015980481005A12D3 /* DictionaryHelper.m in Sources */,
				B178611A159BAC99004A79E5 /* PhonemeSpelling.m in Sources */,
				B178611D159BAC99004A79E5 /* Phoneme.m in Sources */,
				B1786123159BAC99004A79E5 /* Pronunciation.m in Sources */,
				B178056E159D0C1E0013AD65 /* GDataXMLNodeHelper.m in Sources */,
				B1780575159D1F430013AD65 /* Word.m in Sources */,
			);
			runOnlyForDeploymentPostprocessing = 0;
		};
/* End PBXSourcesBuildPhase section */

/* Begin PBXVariantGroup section */
		B178606A15962B3D0047D631 /* InfoPlist.strings */ = {
			isa = PBXVariantGroup;
			children = (
				B178606B15962B3D0047D631 /* en */,
			);
			name = InfoPlist.strings;
			sourceTree = "<group>";
		};
		B178607315962B3D0047D631 /* MainStoryboard_iPhone.storyboard */ = {
			isa = PBXVariantGroup;
			children = (
				B178607415962B3D0047D631 /* en */,
			);
			name = MainStoryboard_iPhone.storyboard;
			sourceTree = "<group>";
		};
		B178607615962B3D0047D631 /* MainStoryboard_iPad.storyboard */ = {
			isa = PBXVariantGroup;
			children = (
				B178607715962B3D0047D631 /* en */,
			);
			name = MainStoryboard_iPad.storyboard;
			sourceTree = "<group>";
		};
/* End PBXVariantGroup section */

/* Begin XCBuildConfiguration section */
		B178607C15962B3D0047D631 /* Debug */ = {
			isa = XCBuildConfiguration;
			buildSettings = {
				ALWAYS_SEARCH_USER_PATHS = NO;
				ARCHS = "$(ARCHS_STANDARD_32_BIT)";
				CLANG_ENABLE_OBJC_ARC = YES;
				"CODE_SIGN_IDENTITY[sdk=iphoneos*]" = "iPhone Developer";
				COPY_PHASE_STRIP = NO;
				GCC_C_LANGUAGE_STANDARD = gnu99;
				GCC_DYNAMIC_NO_PIC = NO;
				GCC_OPTIMIZATION_LEVEL = 0;
				GCC_PREPROCESSOR_DEFINITIONS = (
					"DEBUG=1",
					"$(inherited)",
				);
				GCC_SYMBOLS_PRIVATE_EXTERN = NO;
				GCC_VERSION = com.apple.compilers.llvm.clang.1_0;
				GCC_WARN_ABOUT_RETURN_TYPE = YES;
				GCC_WARN_UNINITIALIZED_AUTOS = YES;
				GCC_WARN_UNUSED_VARIABLE = YES;
				"HEADER_SEARCH_PATHS[arch=*]" = /usr/include/libxml2;
				IPHONEOS_DEPLOYMENT_TARGET = 5.1;
				"OTHER_LDFLAGS[arch=*]" = "-lxml2";
				SDKROOT = iphoneos;
				TARGETED_DEVICE_FAMILY = "1,2";
			};
			name = Debug;
		};
		B178607D15962B3D0047D631 /* Release */ = {
			isa = XCBuildConfiguration;
			buildSettings = {
				ALWAYS_SEARCH_USER_PATHS = NO;
				ARCHS = "$(ARCHS_STANDARD_32_BIT)";
				CLANG_ENABLE_OBJC_ARC = YES;
				"CODE_SIGN_IDENTITY[sdk=iphoneos*]" = "iPhone Developer";
				COPY_PHASE_STRIP = YES;
				GCC_C_LANGUAGE_STANDARD = gnu99;
				GCC_VERSION = com.apple.compilers.llvm.clang.1_0;
				GCC_WARN_ABOUT_RETURN_TYPE = YES;
				GCC_WARN_UNINITIALIZED_AUTOS = YES;
				GCC_WARN_UNUSED_VARIABLE = YES;
				"HEADER_SEARCH_PATHS[arch=*]" = /usr/include/libxml2;
				IPHONEOS_DEPLOYMENT_TARGET = 5.1;
				OTHER_CFLAGS = "-DNS_BLOCK_ASSERTIONS=1";
				"OTHER_LDFLAGS[arch=*]" = "-lxml2";
				SDKROOT = iphoneos;
				TARGETED_DEVICE_FAMILY = "1,2";
				VALIDATE_PRODUCT = YES;
			};
			name = Release;
		};
		B178607F15962B3D0047D631 /* Debug */ = {
			isa = XCBuildConfiguration;
			buildSettings = {
				GCC_PRECOMPILE_PREFIX_HEADER = YES;
				GCC_PREFIX_HEADER = "DDPrototype/DDPrototype-Prefix.pch";
				INFOPLIST_FILE = "DDPrototype/DDPrototype-Info.plist";
				PRODUCT_NAME = "$(TARGET_NAME)";
				WRAPPER_EXTENSION = app;
			};
			name = Debug;
		};
		B178608015962B3D0047D631 /* Release */ = {
			isa = XCBuildConfiguration;
			buildSettings = {
				GCC_PRECOMPILE_PREFIX_HEADER = YES;
				GCC_PREFIX_HEADER = "DDPrototype/DDPrototype-Prefix.pch";
				INFOPLIST_FILE = "DDPrototype/DDPrototype-Info.plist";
				PRODUCT_NAME = "$(TARGET_NAME)";
				WRAPPER_EXTENSION = app;
			};
			name = Release;
		};
/* End XCBuildConfiguration section */

/* Begin XCConfigurationList section */
		B178605715962B3D0047D631 /* Build configuration list for PBXProject "DDPrototype" */ = {
			isa = XCConfigurationList;
			buildConfigurations = (
				B178607C15962B3D0047D631 /* Debug */,
				B178607D15962B3D0047D631 /* Release */,
			);
			defaultConfigurationIsVisible = 0;
			defaultConfigurationName = Release;
		};
		B178607E15962B3D0047D631 /* Build configuration list for PBXNativeTarget "DDPrototype" */ = {
			isa = XCConfigurationList;
			buildConfigurations = (
				B178607F15962B3D0047D631 /* Debug */,
				B178608015962B3D0047D631 /* Release */,
			);
			defaultConfigurationIsVisible = 0;
			defaultConfigurationName = Release;
		};
/* End XCConfigurationList section */

/* Begin XCVersionGroup section */
		B1786092159638990047D631 /* Dictionary.xcdatamodeld */ = {
			isa = XCVersionGroup;
			children = (
				B1786093159638990047D631 /* Dictionary.xcdatamodel */,
			);
			currentVersion = B1786093159638990047D631 /* Dictionary.xcdatamodel */;
			path = Dictionary.xcdatamodeld;
			sourceTree = "<group>";
			versionGroupType = wrapper.xcdatamodel;
		};
/* End XCVersionGroup section */
	};
	rootObject = B178605415962B3D0047D631 /* Project object */;
}
