// !$*UTF8*$!
{
	archiveVersion = 1;
	classes = {
	};
	objectVersion = 46;
	objects = {

/* Begin PBXBuildFile section */
		B178606215962B3D0047D631 /* UIKit.framework in Frameworks */ = {isa = PBXBuildFile; fileRef = B178606115962B3D0047D631 /* UIKit.framework */; };
		B178606415962B3D0047D631 /* Foundation.framework in Frameworks */ = {isa = PBXBuildFile; fileRef = B178606315962B3D0047D631 /* Foundation.framework */; };
		B178606615962B3D0047D631 /* CoreGraphics.framework in Frameworks */ = {isa = PBXBuildFile; fileRef = B178606515962B3D0047D631 /* CoreGraphics.framework */; };
		B178606C15962B3D0047D631 /* InfoPlist.strings in Resources */ = {isa = PBXBuildFile; fileRef = B178606A15962B3D0047D631 /* InfoPlist.strings */; };
		B178606E15962B3D0047D631 /* main.m in Sources */ = {isa = PBXBuildFile; fileRef = B178606D15962B3D0047D631 /* main.m */; };
		B178607215962B3D0047D631 /* AppDelegate.m in Sources */ = {isa = PBXBuildFile; fileRef = B178607115962B3D0047D631 /* AppDelegate.m */; };
		B178607515962B3D0047D631 /* MainStoryboard_iPhone.storyboard in Resources */ = {isa = PBXBuildFile; fileRef = B178607315962B3D0047D631 /* MainStoryboard_iPhone.storyboard */; };
		B178607815962B3D0047D631 /* MainStoryboard_iPad.storyboard in Resources */ = {isa = PBXBuildFile; fileRef = B178607615962B3D0047D631 /* MainStoryboard_iPad.storyboard */; };
		B1786094159638990047D631 /* Dictionary.xcdatamodeld in Sources */ = {isa = PBXBuildFile; fileRef = B1786092159638990047D631 /* Dictionary.xcdatamodeld */; };
		B178609A15963AB40047D631 /* Word.m in Sources */ = {isa = PBXBuildFile; fileRef = B178609915963AB40047D631 /* Word.m */; };
		B17860A015963AD80047D631 /* Pronunciation.m in Sources */ = {isa = PBXBuildFile; fileRef = B178609F15963AD80047D631 /* Pronunciation.m */; };
		B17860A315963B690047D631 /* Word+Create.m in Sources */ = {isa = PBXBuildFile; fileRef = B17860A215963B690047D631 /* Word+Create.m */; };
		B17860A615963BB50047D631 /* Pronunciation+Create.m in Sources */ = {isa = PBXBuildFile; fileRef = B17860A515963BB50047D631 /* Pronunciation+Create.m */; };
		B17AAB7B1596B87F009A5C1D /* DictionaryTableViewController.m in Sources */ = {isa = PBXBuildFile; fileRef = B17AAB7A1596B87F009A5C1D /* DictionaryTableViewController.m */; };
		B1B6DA121596BE7A001781C9 /* DisplayWordViewController.m in Sources */ = {isa = PBXBuildFile; fileRef = B1B6DA111596BE7A001781C9 /* DisplayWordViewController.m */; };
		B1B6DA181596C6A8001781C9 /* CoreData.framework in Frameworks */ = {isa = PBXBuildFile; fileRef = B1B6DA171596C6A8001781C9 /* CoreData.framework */; };
/* End PBXBuildFile section */

/* Begin PBXFileReference section */
		B178605D15962B3D0047D631 /* DDPrototype.app */ = {isa = PBXFileReference; explicitFileType = wrapper.application; includeInIndex = 0; path = DDPrototype.app; sourceTree = BUILT_PRODUCTS_DIR; };
		B178606115962B3D0047D631 /* UIKit.framework */ = {isa = PBXFileReference; lastKnownFileType = wrapper.framework; name = UIKit.framework; path = System/Library/Frameworks/UIKit.framework; sourceTree = SDKROOT; };
		B178606315962B3D0047D631 /* Foundation.framework */ = {isa = PBXFileReference; lastKnownFileType = wrapper.framework; name = Foundation.framework; path = System/Library/Frameworks/Foundation.framework; sourceTree = SDKROOT; };
		B178606515962B3D0047D631 /* CoreGraphics.framework */ = {isa = PBXFileReference; lastKnownFileType = wrapper.framework; name = CoreGraphics.framework; path = System/Library/Frameworks/CoreGraphics.framework; sourceTree = SDKROOT; };
		B178606915962B3D0047D631 /* DDPrototype-Info.plist */ = {isa = PBXFileReference; lastKnownFileType = text.plist.xml; path = "DDPrototype-Info.plist"; sourceTree = "<group>"; };
		B178606B15962B3D0047D631 /* en */ = {isa = PBXFileReference; lastKnownFileType = text.plist.strings; name = en; path = en.lproj/InfoPlist.strings; sourceTree = "<group>"; };
		B178606D15962B3D0047D631 /* main.m */ = {isa = PBXFileReference; lastKnownFileType = sourcecode.c.objc; path = main.m; sourceTree = "<group>"; };
		B178606F15962B3D0047D631 /* DDPrototype-Prefix.pch */ = {isa = PBXFileReference; lastKnownFileType = sourcecode.c.h; path = "DDPrototype-Prefix.pch"; sourceTree = "<group>"; };
		B178607015962B3D0047D631 /* AppDelegate.h */ = {isa = PBXFileReference; lastKnownFileType = sourcecode.c.h; path = AppDelegate.h; sourceTree = "<group>"; };
		B178607115962B3D0047D631 /* AppDelegate.m */ = {isa = PBXFileReference; lastKnownFileType = sourcecode.c.objc; path = AppDelegate.m; sourceTree = "<group>"; };
		B178607415962B3D0047D631 /* en */ = {isa = PBXFileReference; lastKnownFileType = file.storyboard; name = en; path = en.lproj/MainStoryboard_iPhone.storyboard; sourceTree = "<group>"; };
		B178607715962B3D0047D631 /* en */ = {isa = PBXFileReference; lastKnownFileType = file.storyboard; name = en; path = en.lproj/MainStoryboard_iPad.storyboard; sourceTree = "<group>"; };
		B1786093159638990047D631 /* Dictionary.xcdatamodel */ = {isa = PBXFileReference; lastKnownFileType = wrapper.xcdatamodel; path = Dictionary.xcdatamodel; sourceTree = "<group>"; };
		B178609815963AB40047D631 /* Word.h */ = {isa = PBXFileReference; fileEncoding = 4; lastKnownFileType = sourcecode.c.h; path = Word.h; sourceTree = "<group>"; };
		B178609915963AB40047D631 /* Word.m */ = {isa = PBXFileReference; fileEncoding = 4; lastKnownFileType = sourcecode.c.objc; path = Word.m; sourceTree = "<group>"; };
		B178609E15963AD80047D631 /* Pronunciation.h */ = {isa = PBXFileReference; fileEncoding = 4; lastKnownFileType = sourcecode.c.h; path = Pronunciation.h; sourceTree = "<group>"; };
		B178609F15963AD80047D631 /* Pronunciation.m */ = {isa = PBXFileReference; fileEncoding = 4; lastKnownFileType = sourcecode.c.objc; path = Pronunciation.m; sourceTree = "<group>"; };
		B17860A115963B690047D631 /* Word+Create.h */ = {isa = PBXFileReference; fileEncoding = 4; lastKnownFileType = sourcecode.c.h; path = "Word+Create.h"; sourceTree = "<group>"; };
		B17860A215963B690047D631 /* Word+Create.m */ = {isa = PBXFileReference; fileEncoding = 4; lastKnownFileType = sourcecode.c.objc; path = "Word+Create.m"; sourceTree = "<group>"; };
		B17860A415963BB50047D631 /* Pronunciation+Create.h */ = {isa = PBXFileReference; fileEncoding = 4; lastKnownFileType = sourcecode.c.h; path = "Pronunciation+Create.h"; sourceTree = "<group>"; };
		B17860A515963BB50047D631 /* Pronunciation+Create.m */ = {isa = PBXFileReference; fileEncoding = 4; lastKnownFileType = sourcecode.c.objc; path = "Pronunciation+Create.m"; sourceTree = "<group>"; };
		B17AAB791596B87F009A5C1D /* DictionaryTableViewController.h */ = {isa = PBXFileReference; fileEncoding = 4; lastKnownFileType = sourcecode.c.h; path = DictionaryTableViewController.h; sourceTree = "<group>"; };
		B17AAB7A1596B87F009A5C1D /* DictionaryTableViewController.m */ = {isa = PBXFileReference; fileEncoding = 4; lastKnownFileType = sourcecode.c.objc; path = DictionaryTableViewController.m; sourceTree = "<group>"; };
		B1B6DA101596BE7A001781C9 /* DisplayWordViewController.h */ = {isa = PBXFileReference; fileEncoding = 4; lastKnownFileType = sourcecode.c.h; path = DisplayWordViewController.h; sourceTree = "<group>"; };
		B1B6DA111596BE7A001781C9 /* DisplayWordViewController.m */ = {isa = PBXFileReference; fileEncoding = 4; lastKnownFileType = sourcecode.c.objc; path = DisplayWordViewController.m; sourceTree = "<group>"; };
		B1B6DA171596C6A8001781C9 /* CoreData.framework */ = {isa = PBXFileReference; lastKnownFileType = wrapper.framework; name = CoreData.framework; path = System/Library/Frameworks/CoreData.framework; sourceTree = SDKROOT; };
/* End PBXFileReference section */

/* Begin PBXFrameworksBuildPhase section */
		B178605A15962B3D0047D631 /* Frameworks */ = {
			isa = PBXFrameworksBuildPhase;
			buildActionMask = 2147483647;
			files = (
				B1B6DA181596C6A8001781C9 /* CoreData.framework in Frameworks */,
				B178606215962B3D0047D631 /* UIKit.framework in Frameworks */,
				B178606415962B3D0047D631 /* Foundation.framework in Frameworks */,
				B178606615962B3D0047D631 /* CoreGraphics.framework in Frameworks */,
			);
			runOnlyForDeploymentPostprocessing = 0;
		};
/* End PBXFrameworksBuildPhase section */

/* Begin PBXGroup section */
		B178605215962B3D0047D631 = {
			isa = PBXGroup;
			children = (
				B1B6DA171596C6A8001781C9 /* CoreData.framework */,
				B178606715962B3D0047D631 /* DDPrototype */,
				B178606015962B3D0047D631 /* Frameworks */,
				B178605E15962B3D0047D631 /* Products */,
			);
			sourceTree = "<group>";
		};
		B178605E15962B3D0047D631 /* Products */ = {
			isa = PBXGroup;
			children = (
				B178605D15962B3D0047D631 /* DDPrototype.app */,
			);
			name = Products;
			sourceTree = "<group>";
		};
		B178606015962B3D0047D631 /* Frameworks */ = {
			isa = PBXGroup;
			children = (
				B178606115962B3D0047D631 /* UIKit.framework */,
				B178606315962B3D0047D631 /* Foundation.framework */,
				B178606515962B3D0047D631 /* CoreGraphics.framework */,
			);
			name = Frameworks;
			sourceTree = "<group>";
		};
		B178606715962B3D0047D631 /* DDPrototype */ = {
			isa = PBXGroup;
			children = (
				B178607315962B3D0047D631 /* MainStoryboard_iPhone.storyboard */,
				B178607615962B3D0047D631 /* MainStoryboard_iPad.storyboard */,
				B178608B159638050047D631 /* Database */,
				B1B6DA101596BE7A001781C9 /* DisplayWordViewController.h */,
				B1B6DA111596BE7A001781C9 /* DisplayWordViewController.m */,
				B17AAB791596B87F009A5C1D /* DictionaryTableViewController.h */,
				B17AAB7A1596B87F009A5C1D /* DictionaryTableViewController.m */,
				B178606815962B3D0047D631 /* Supporting Files */,
			);
			path = DDPrototype;
			sourceTree = "<group>";
		};
		B178606815962B3D0047D631 /* Supporting Files */ = {
			isa = PBXGroup;
			children = (
				B178607015962B3D0047D631 /* AppDelegate.h */,
				B178607115962B3D0047D631 /* AppDelegate.m */,
				B178606915962B3D0047D631 /* DDPrototype-Info.plist */,
				B178606A15962B3D0047D631 /* InfoPlist.strings */,
				B178606D15962B3D0047D631 /* main.m */,
				B178606F15962B3D0047D631 /* DDPrototype-Prefix.pch */,
			);
			name = "Supporting Files";
			sourceTree = "<group>";
		};
		B178608B159638050047D631 /* Database */ = {
			isa = PBXGroup;
			children = (
				B1786092159638990047D631 /* Dictionary.xcdatamodeld */,
				B178609815963AB40047D631 /* Word.h */,
				B178609915963AB40047D631 /* Word.m */,
				B17860A115963B690047D631 /* Word+Create.h */,
				B17860A215963B690047D631 /* Word+Create.m */,
				B178609E15963AD80047D631 /* Pronunciation.h */,
				B178609F15963AD80047D631 /* Pronunciation.m */,
				B17860A415963BB50047D631 /* Pronunciation+Create.h */,
				B17860A515963BB50047D631 /* Pronunciation+Create.m */,
			);
			name = Database;
			sourceTree = "<group>";
		};
/* End PBXGroup section */

/* Begin PBXNativeTarget section */
		B178605C15962B3D0047D631 /* DDPrototype */ = {
			isa = PBXNativeTarget;
			buildConfigurationList = B178607E15962B3D0047D631 /* Build configuration list for PBXNativeTarget "DDPrototype" */;
			buildPhases = (
				B178605915962B3D0047D631 /* Sources */,
				B178605A15962B3D0047D631 /* Frameworks */,
				B178605B15962B3D0047D631 /* Resources */,
			);
			buildRules = (
			);
			dependencies = (
			);
			name = DDPrototype;
			productName = DDPrototype;
			productReference = B178605D15962B3D0047D631 /* DDPrototype.app */;
			productType = "com.apple.product-type.application";
		};
/* End PBXNativeTarget section */

/* Begin PBXProject section */
		B178605415962B3D0047D631 /* Project object */ = {
			isa = PBXProject;
			attributes = {
				LastUpgradeCheck = 0430;
			};
			buildConfigurationList = B178605715962B3D0047D631 /* Build configuration list for PBXProject "DDPrototype" */;
			compatibilityVersion = "Xcode 3.2";
			developmentRegion = English;
			hasScannedForEncodings = 0;
			knownRegions = (
				en,
			);
			mainGroup = B178605215962B3D0047D631;
			productRefGroup = B178605E15962B3D0047D631 /* Products */;
			projectDirPath = "";
			projectRoot = "";
			targets = (
				B178605C15962B3D0047D631 /* DDPrototype */,
			);
		};
/* End PBXProject section */

/* Begin PBXResourcesBuildPhase section */
		B178605B15962B3D0047D631 /* Resources */ = {
			isa = PBXResourcesBuildPhase;
			buildActionMask = 2147483647;
			files = (
				B178606C15962B3D0047D631 /* InfoPlist.strings in Resources */,
				B178607515962B3D0047D631 /* MainStoryboard_iPhone.storyboard in Resources */,
				B178607815962B3D0047D631 /* MainStoryboard_iPad.storyboard in Resources */,
			);
			runOnlyForDeploymentPostprocessing = 0;
		};
/* End PBXResourcesBuildPhase section */

/* Begin PBXSourcesBuildPhase section */
		B178605915962B3D0047D631 /* Sources */ = {
			isa = PBXSourcesBuildPhase;
			buildActionMask = 2147483647;
			files = (
				B178606E15962B3D0047D631 /* main.m in Sources */,
				B178607215962B3D0047D631 /* AppDelegate.m in Sources */,
				B1786094159638990047D631 /* Dictionary.xcdatamodeld in Sources */,
				B178609A15963AB40047D631 /* Word.m in Sources */,
				B17860A015963AD80047D631 /* Pronunciation.m in Sources */,
				B17860A315963B690047D631 /* Word+Create.m in Sources */,
				B17860A615963BB50047D631 /* Pronunciation+Create.m in Sources */,
				B17AAB7B1596B87F009A5C1D /* DictionaryTableViewController.m in Sources */,
				B1B6DA121596BE7A001781C9 /* DisplayWordViewController.m in Sources */,
			);
			runOnlyForDeploymentPostprocessing = 0;
		};
/* End PBXSourcesBuildPhase section */

/* Begin PBXVariantGroup section */
		B178606A15962B3D0047D631 /* InfoPlist.strings */ = {
			isa = PBXVariantGroup;
			children = (
				B178606B15962B3D0047D631 /* en */,
			);
			name = InfoPlist.strings;
			sourceTree = "<group>";
		};
		B178607315962B3D0047D631 /* MainStoryboard_iPhone.storyboard */ = {
			isa = PBXVariantGroup;
			children = (
				B178607415962B3D0047D631 /* en */,
			);
			name = MainStoryboard_iPhone.storyboard;
			sourceTree = "<group>";
		};
		B178607615962B3D0047D631 /* MainStoryboard_iPad.storyboard */ = {
			isa = PBXVariantGroup;
			children = (
				B178607715962B3D0047D631 /* en */,
			);
			name = MainStoryboard_iPad.storyboard;
			sourceTree = "<group>";
		};
/* End PBXVariantGroup section */

/* Begin XCBuildConfiguration section */
		B178607C15962B3D0047D631 /* Debug */ = {
			isa = XCBuildConfiguration;
			buildSettings = {
				ALWAYS_SEARCH_USER_PATHS = NO;
				ARCHS = "$(ARCHS_STANDARD_32_BIT)";
				CLANG_ENABLE_OBJC_ARC = YES;
				"CODE_SIGN_IDENTITY[sdk=iphoneos*]" = "iPhone Developer";
				COPY_PHASE_STRIP = NO;
				GCC_C_LANGUAGE_STANDARD = gnu99;
				GCC_DYNAMIC_NO_PIC = NO;
				GCC_OPTIMIZATION_LEVEL = 0;
				GCC_PREPROCESSOR_DEFINITIONS = (
					"DEBUG=1",
					"$(inherited)",
				);
				GCC_SYMBOLS_PRIVATE_EXTERN = NO;
				GCC_VERSION = com.apple.compilers.llvm.clang.1_0;
				GCC_WARN_ABOUT_RETURN_TYPE = YES;
				GCC_WARN_UNINITIALIZED_AUTOS = YES;
				GCC_WARN_UNUSED_VARIABLE = YES;
				IPHONEOS_DEPLOYMENT_TARGET = 5.1;
				SDKROOT = iphoneos;
				TARGETED_DEVICE_FAMILY = "1,2";
			};
			name = Debug;
		};
		B178607D15962B3D0047D631 /* Release */ = {
			isa = XCBuildConfiguration;
			buildSettings = {
				ALWAYS_SEARCH_USER_PATHS = NO;
				ARCHS = "$(ARCHS_STANDARD_32_BIT)";
				CLANG_ENABLE_OBJC_ARC = YES;
				"CODE_SIGN_IDENTITY[sdk=iphoneos*]" = "iPhone Developer";
				COPY_PHASE_STRIP = YES;
				GCC_C_LANGUAGE_STANDARD = gnu99;
				GCC_VERSION = com.apple.compilers.llvm.clang.1_0;
				GCC_WARN_ABOUT_RETURN_TYPE = YES;
				GCC_WARN_UNINITIALIZED_AUTOS = YES;
				GCC_WARN_UNUSED_VARIABLE = YES;
				IPHONEOS_DEPLOYMENT_TARGET = 5.1;
				OTHER_CFLAGS = "-DNS_BLOCK_ASSERTIONS=1";
				SDKROOT = iphoneos;
				TARGETED_DEVICE_FAMILY = "1,2";
				VALIDATE_PRODUCT = YES;
			};
			name = Release;
		};
		B178607F15962B3D0047D631 /* Debug */ = {
			isa = XCBuildConfiguration;
			buildSettings = {
				GCC_PRECOMPILE_PREFIX_HEADER = YES;
				GCC_PREFIX_HEADER = "DDPrototype/DDPrototype-Prefix.pch";
				INFOPLIST_FILE = "DDPrototype/DDPrototype-Info.plist";
				PRODUCT_NAME = "$(TARGET_NAME)";
				WRAPPER_EXTENSION = app;
			};
			name = Debug;
		};
		B178608015962B3D0047D631 /* Release */ = {
			isa = XCBuildConfiguration;
			buildSettings = {
				GCC_PRECOMPILE_PREFIX_HEADER = YES;
				GCC_PREFIX_HEADER = "DDPrototype/DDPrototype-Prefix.pch";
				INFOPLIST_FILE = "DDPrototype/DDPrototype-Info.plist";
				PRODUCT_NAME = "$(TARGET_NAME)";
				WRAPPER_EXTENSION = app;
			};
			name = Release;
		};
/* End XCBuildConfiguration section */

/* Begin XCConfigurationList section */
		B178605715962B3D0047D631 /* Build configuration list for PBXProject "DDPrototype" */ = {
			isa = XCConfigurationList;
			buildConfigurations = (
				B178607C15962B3D0047D631 /* Debug */,
				B178607D15962B3D0047D631 /* Release */,
			);
			defaultConfigurationIsVisible = 0;
			defaultConfigurationName = Release;
		};
		B178607E15962B3D0047D631 /* Build configuration list for PBXNativeTarget "DDPrototype" */ = {
			isa = XCConfigurationList;
			buildConfigurations = (
				B178607F15962B3D0047D631 /* Debug */,
				B178608015962B3D0047D631 /* Release */,
			);
			defaultConfigurationIsVisible = 0;
			defaultConfigurationName = Release;
		};
/* End XCConfigurationList section */

/* Begin XCVersionGroup section */
		B1786092159638990047D631 /* Dictionary.xcdatamodeld */ = {
			isa = XCVersionGroup;
			children = (
				B1786093159638990047D631 /* Dictionary.xcdatamodel */,
			);
			currentVersion = B1786093159638990047D631 /* Dictionary.xcdatamodel */;
			path = Dictionary.xcdatamodeld;
			sourceTree = "<group>";
			versionGroupType = wrapper.xcdatamodel;
		};
/* End XCVersionGroup section */
	};
	rootObject = B178605415962B3D0047D631 /* Project object */;
}
